
Microsoft Visual Studio Solution File, Format Version 12.00
# Visual Studio Version 17
VisualStudioVersion = 17.3.32922.545
MinimumVisualStudioVersion = 10.0.40219.1
Project("{9A19103F-16F7-4668-BE54-9A1E7A4F7556}") = "PotionDeliveryService", "PotionDeliveryService\PotionDeliveryService.csproj", "{C8CD54A8-59CE-4E3B-85CA-F882BF1D9F37}"
EndProject
Project("{9A19103F-16F7-4668-BE54-9A1E7A4F7556}") = "PotionDeliveryService.Tests", "PotionDeliveryService.Tests\PotionDeliveryService.Tests.csproj", "{9449B273-352D-455D-A28D-2090B85F5897}"
EndProject
Project("{2150E333-8FDC-42A3-9474-1A3956D46DE8}") = "Solution Items", "Solution Items", "{23D3C406-9E12-4F09-85CA-3163F467B39C}"
	ProjectSection(SolutionItems) = preProject
		.editorconfig = .editorconfig
		.gitignore = .gitignore
		nuget.config = nuget.config
		README.md = README.md
		stylecop.json = stylecop.json
		twizzar.config = twizzar.config
		twizzar.template = twizzar.template
	EndProjectSection
EndProject
Global
	GlobalSection(SolutionConfigurationPlatforms) = preSolution
		Debug|Any CPU = Debug|Any CPU
		Release|Any CPU = Release|Any CPU
	EndGlobalSection
	GlobalSection(ProjectConfigurationPlatforms) = postSolution
		{C8CD54A8-59CE-4E3B-85CA-F882BF1D9F37}.Debug|Any CPU.ActiveCfg = Debug|Any CPU
		{C8CD54A8-59CE-4E3B-85CA-F882BF1D9F37}.Debug|Any CPU.Build.0 = Debug|Any CPU
		{C8CD54A8-59CE-4E3B-85CA-F882BF1D9F37}.Release|Any CPU.ActiveCfg = Release|Any CPU
		{C8CD54A8-59CE-4E3B-85CA-F882BF1D9F37}.Release|Any CPU.Build.0 = Release|Any CPU
		{9449B273-352D-455D-A28D-2090B85F5897}.Debug|Any CPU.ActiveCfg = Debug|Any CPU
		{9449B273-352D-455D-A28D-2090B85F5897}.Debug|Any CPU.Build.0 = Debug|Any CPU
		{9449B273-352D-455D-A28D-2090B85F5897}.Release|Any CPU.ActiveCfg = Release|Any CPU
		{9449B273-352D-455D-A28D-2090B85F5897}.Release|Any CPU.Build.0 = Release|Any CPU
	EndGlobalSection
	GlobalSection(SolutionProperties) = preSolution
		HideSolutionNode = FALSE
	EndGlobalSection
	GlobalSection(ExtensibilityGlobals) = postSolution
		SolutionGuid = {CBC1039C-BF48-4B63-9D5E-3B344B807B07}
	EndGlobalSection
EndGlobal
