
Microsoft Visual Studio Solution File, Format Version 12.00
# Visual Studio Version 17
VisualStudioVersion = 17.5.002.0
MinimumVisualStudioVersion = 10.0.40219.1
Project("{9A19103F-16F7-4668-BE54-9A1E7A4F7556}") = "Twizzar.SharedKernel.Infrastructure", "Twizzar.SharedKernel.Infrastructure\Twizzar.SharedKernel.Infrastructure.csproj", "{E35C59BA-7C0B-412C-B189-5C4837AD2D25}"
EndProject
Project("{9A19103F-16F7-4668-BE54-9A1E7A4F7556}") = "Twizzar.SharedKernel.NLog", "Twizzar.SharedKernel.NLog\Twizzar.SharedKernel.NLog.csproj", "{68E68C69-D208-45F3-A25F-26981CA1C3A3}"
EndProject
Global
	GlobalSection(SolutionConfigurationPlatforms) = preSolution
		Debug|Any CPU = Debug|Any CPU
		Release|Any CPU = Release|Any CPU
	EndGlobalSection
	GlobalSection(ProjectConfigurationPlatforms) = postSolution
		{E35C59BA-7C0B-412C-B189-5C4837AD2D25}.Debug|Any CPU.ActiveCfg = Debug|Any CPU
		{E35C59BA-7C0B-412C-B189-5C4837AD2D25}.Debug|Any CPU.Build.0 = Debug|Any CPU
		{E35C59BA-7C0B-412C-B189-5C4837AD2D25}.Release|Any CPU.ActiveCfg = Release|Any CPU
		{E35C59BA-7C0B-412C-B189-5C4837AD2D25}.Release|Any CPU.Build.0 = Release|Any CPU
		{68E68C69-D208-45F3-A25F-26981CA1C3A3}.Debug|Any CPU.ActiveCfg = Debug|Any CPU
		{68E68C69-D208-45F3-A25F-26981CA1C3A3}.Debug|Any CPU.Build.0 = Debug|Any CPU
		{68E68C69-D208-45F3-A25F-26981CA1C3A3}.Release|Any CPU.ActiveCfg = Release|Any CPU
		{68E68C69-D208-45F3-A25F-26981CA1C3A3}.Release|Any CPU.Build.0 = Release|Any CPU
	EndGlobalSection
	GlobalSection(SolutionProperties) = preSolution
		HideSolutionNode = FALSE
	EndGlobalSection
	GlobalSection(ExtensibilityGlobals) = postSolution
		SolutionGuid = {F60B2617-EC9E-4FFE-9CBE-D55BA61DB856}
	EndGlobalSection
EndGlobal
