
Microsoft Visual Studio Solution File, Format Version 12.00
# Visual Studio Version 17
VisualStudioVersion = 17.1.32328.378
MinimumVisualStudioVersion = 10.0.40219.1
Project("{9A19103F-16F7-4668-BE54-9A1E7A4F7556}") = "DemoCode.Tests", "DemoCode.Tests\DemoCode.Tests.csproj", "{C8357F13-6F10-4999-89CA-BFED2A8AD515}"
EndProject
Project("{9A19103F-16F7-4668-BE54-9A1E7A4F7556}") = "DemoCode", "DemoCode\DemoCode.csproj", "{28A592B4-E9C4-4F0C-96F2-9C80B20B9291}"
EndProject
Project("{9A19103F-16F7-4668-BE54-9A1E7A4F7556}") = "DemoCode.Interfaces", "DemoCode.Interfaces\DemoCode.Interfaces.csproj", "{5556AE6F-5BC8-4D20-85AD-83D0692A2F82}"
EndProject
Project("{9A19103F-16F7-4668-BE54-9A1E7A4F7556}") = "PlaygroundTests", "PlaygroundTests\PlaygroundTests.csproj", "{92D7AFDD-2C67-448D-9846-8E62E6F71BDA}"
EndProject
Project("{9A19103F-16F7-4668-BE54-9A1E7A4F7556}") = "AcceptanceCriteriaTests", "AcceptanceCriteriaTests\AcceptanceCriteriaTests.csproj", "{E54B8C18-532D-44E4-B803-54EAA9599FD9}"
EndProject
Project("{FAE04EC0-301F-11D3-BF4B-00C04F79EFBC}") = "Net48Tests", "Net48Tests\Net48Tests.csproj", "{735E37D9-7ACF-4443-9E02-C76979826608}"
EndProject
Project("{9A19103F-16F7-4668-BE54-9A1E7A4F7556}") = "shared", "shared\shared.csproj", "{43251464-162B-488B-9C8C-7BF0422564EE}"
EndProject
Project("{D954291E-2A0B-460D-934E-DC6B0785DB48}") = "SharedProject1", "SharedProject1\SharedProject1.shproj", "{1D15B392-FE4A-421D-9724-EDE68A1029C3}"
EndProject
Global
	GlobalSection(SolutionConfigurationPlatforms) = preSolution
		Debug|Any CPU = Debug|Any CPU
		Debug|ARM = Debug|ARM
		Debug|x64 = Debug|x64
		Debug|x86 = Debug|x86
		Release|Any CPU = Release|Any CPU
		Release|ARM = Release|ARM
		Release|x64 = Release|x64
		Release|x86 = Release|x86
	EndGlobalSection
	GlobalSection(ProjectConfigurationPlatforms) = postSolution
		{C8357F13-6F10-4999-89CA-BFED2A8AD515}.Debug|Any CPU.ActiveCfg = Debug|Any CPU
		{C8357F13-6F10-4999-89CA-BFED2A8AD515}.Debug|Any CPU.Build.0 = Debug|Any CPU
		{C8357F13-6F10-4999-89CA-BFED2A8AD515}.Debug|ARM.ActiveCfg = Debug|Any CPU
		{C8357F13-6F10-4999-89CA-BFED2A8AD515}.Debug|x64.ActiveCfg = Debug|Any CPU
		{C8357F13-6F10-4999-89CA-BFED2A8AD515}.Debug|x86.ActiveCfg = Debug|Any CPU
		{C8357F13-6F10-4999-89CA-BFED2A8AD515}.Release|Any CPU.ActiveCfg = Release|Any CPU
		{C8357F13-6F10-4999-89CA-BFED2A8AD515}.Release|Any CPU.Build.0 = Release|Any CPU
		{C8357F13-6F10-4999-89CA-BFED2A8AD515}.Release|ARM.ActiveCfg = Release|Any CPU
		{C8357F13-6F10-4999-89CA-BFED2A8AD515}.Release|x64.ActiveCfg = Release|Any CPU
		{C8357F13-6F10-4999-89CA-BFED2A8AD515}.Release|x86.ActiveCfg = Release|Any CPU
		{28A592B4-E9C4-4F0C-96F2-9C80B20B9291}.Debug|Any CPU.ActiveCfg = Debug|Any CPU
		{28A592B4-E9C4-4F0C-96F2-9C80B20B9291}.Debug|Any CPU.Build.0 = Debug|Any CPU
		{28A592B4-E9C4-4F0C-96F2-9C80B20B9291}.Debug|ARM.ActiveCfg = Debug|Any CPU
		{28A592B4-E9C4-4F0C-96F2-9C80B20B9291}.Debug|x64.ActiveCfg = Debug|Any CPU
		{28A592B4-E9C4-4F0C-96F2-9C80B20B9291}.Debug|x86.ActiveCfg = Debug|Any CPU
		{28A592B4-E9C4-4F0C-96F2-9C80B20B9291}.Release|Any CPU.ActiveCfg = Release|Any CPU
		{28A592B4-E9C4-4F0C-96F2-9C80B20B9291}.Release|Any CPU.Build.0 = Release|Any CPU
		{28A592B4-E9C4-4F0C-96F2-9C80B20B9291}.Release|ARM.ActiveCfg = Release|Any CPU
		{28A592B4-E9C4-4F0C-96F2-9C80B20B9291}.Release|x64.ActiveCfg = Release|Any CPU
		{28A592B4-E9C4-4F0C-96F2-9C80B20B9291}.Release|x86.ActiveCfg = Release|Any CPU
		{5556AE6F-5BC8-4D20-85AD-83D0692A2F82}.Debug|Any CPU.ActiveCfg = Debug|Any CPU
		{5556AE6F-5BC8-4D20-85AD-83D0692A2F82}.Debug|Any CPU.Build.0 = Debug|Any CPU
		{5556AE6F-5BC8-4D20-85AD-83D0692A2F82}.Debug|ARM.ActiveCfg = Debug|Any CPU
		{5556AE6F-5BC8-4D20-85AD-83D0692A2F82}.Debug|ARM.Build.0 = Debug|Any CPU
		{5556AE6F-5BC8-4D20-85AD-83D0692A2F82}.Debug|x64.ActiveCfg = Debug|Any CPU
		{5556AE6F-5BC8-4D20-85AD-83D0692A2F82}.Debug|x64.Build.0 = Debug|Any CPU
		{5556AE6F-5BC8-4D20-85AD-83D0692A2F82}.Debug|x86.ActiveCfg = Debug|Any CPU
		{5556AE6F-5BC8-4D20-85AD-83D0692A2F82}.Debug|x86.Build.0 = Debug|Any CPU
		{5556AE6F-5BC8-4D20-85AD-83D0692A2F82}.Release|Any CPU.ActiveCfg = Release|Any CPU
		{5556AE6F-5BC8-4D20-85AD-83D0692A2F82}.Release|Any CPU.Build.0 = Release|Any CPU
		{5556AE6F-5BC8-4D20-85AD-83D0692A2F82}.Release|ARM.ActiveCfg = Release|Any CPU
		{5556AE6F-5BC8-4D20-85AD-83D0692A2F82}.Release|ARM.Build.0 = Release|Any CPU
		{5556AE6F-5BC8-4D20-85AD-83D0692A2F82}.Release|x64.ActiveCfg = Release|Any CPU
		{5556AE6F-5BC8-4D20-85AD-83D0692A2F82}.Release|x64.Build.0 = Release|Any CPU
		{5556AE6F-5BC8-4D20-85AD-83D0692A2F82}.Release|x86.ActiveCfg = Release|Any CPU
		{5556AE6F-5BC8-4D20-85AD-83D0692A2F82}.Release|x86.Build.0 = Release|Any CPU
		{92D7AFDD-2C67-448D-9846-8E62E6F71BDA}.Debug|Any CPU.ActiveCfg = Debug|Any CPU
		{92D7AFDD-2C67-448D-9846-8E62E6F71BDA}.Debug|Any CPU.Build.0 = Debug|Any CPU
		{92D7AFDD-2C67-448D-9846-8E62E6F71BDA}.Debug|ARM.ActiveCfg = Debug|Any CPU
		{92D7AFDD-2C67-448D-9846-8E62E6F71BDA}.Debug|ARM.Build.0 = Debug|Any CPU
		{92D7AFDD-2C67-448D-9846-8E62E6F71BDA}.Debug|x64.ActiveCfg = Debug|Any CPU
		{92D7AFDD-2C67-448D-9846-8E62E6F71BDA}.Debug|x64.Build.0 = Debug|Any CPU
		{92D7AFDD-2C67-448D-9846-8E62E6F71BDA}.Debug|x86.ActiveCfg = Debug|Any CPU
		{92D7AFDD-2C67-448D-9846-8E62E6F71BDA}.Debug|x86.Build.0 = Debug|Any CPU
		{92D7AFDD-2C67-448D-9846-8E62E6F71BDA}.Release|Any CPU.ActiveCfg = Release|Any CPU
		{92D7AFDD-2C67-448D-9846-8E62E6F71BDA}.Release|Any CPU.Build.0 = Release|Any CPU
		{92D7AFDD-2C67-448D-9846-8E62E6F71BDA}.Release|ARM.ActiveCfg = Release|Any CPU
		{92D7AFDD-2C67-448D-9846-8E62E6F71BDA}.Release|ARM.Build.0 = Release|Any CPU
		{92D7AFDD-2C67-448D-9846-8E62E6F71BDA}.Release|x64.ActiveCfg = Release|Any CPU
		{92D7AFDD-2C67-448D-9846-8E62E6F71BDA}.Release|x64.Build.0 = Release|Any CPU
		{92D7AFDD-2C67-448D-9846-8E62E6F71BDA}.Release|x86.ActiveCfg = Release|Any CPU
		{92D7AFDD-2C67-448D-9846-8E62E6F71BDA}.Release|x86.Build.0 = Release|Any CPU
		{E54B8C18-532D-44E4-B803-54EAA9599FD9}.Debug|Any CPU.ActiveCfg = Debug|Any CPU
		{E54B8C18-532D-44E4-B803-54EAA9599FD9}.Debug|Any CPU.Build.0 = Debug|Any CPU
		{E54B8C18-532D-44E4-B803-54EAA9599FD9}.Debug|ARM.ActiveCfg = Debug|Any CPU
		{E54B8C18-532D-44E4-B803-54EAA9599FD9}.Debug|ARM.Build.0 = Debug|Any CPU
		{E54B8C18-532D-44E4-B803-54EAA9599FD9}.Debug|x64.ActiveCfg = Debug|Any CPU
		{E54B8C18-532D-44E4-B803-54EAA9599FD9}.Debug|x64.Build.0 = Debug|Any CPU
		{E54B8C18-532D-44E4-B803-54EAA9599FD9}.Debug|x86.ActiveCfg = Debug|Any CPU
		{E54B8C18-532D-44E4-B803-54EAA9599FD9}.Debug|x86.Build.0 = Debug|Any CPU
		{E54B8C18-532D-44E4-B803-54EAA9599FD9}.Release|Any CPU.ActiveCfg = Release|Any CPU
		{E54B8C18-532D-44E4-B803-54EAA9599FD9}.Release|Any CPU.Build.0 = Release|Any CPU
		{E54B8C18-532D-44E4-B803-54EAA9599FD9}.Release|ARM.ActiveCfg = Release|Any CPU
		{E54B8C18-532D-44E4-B803-54EAA9599FD9}.Release|ARM.Build.0 = Release|Any CPU
		{E54B8C18-532D-44E4-B803-54EAA9599FD9}.Release|x64.ActiveCfg = Release|Any CPU
		{E54B8C18-532D-44E4-B803-54EAA9599FD9}.Release|x64.Build.0 = Release|Any CPU
		{E54B8C18-532D-44E4-B803-54EAA9599FD9}.Release|x86.ActiveCfg = Release|Any CPU
		{E54B8C18-532D-44E4-B803-54EAA9599FD9}.Release|x86.Build.0 = Release|Any CPU
		{735E37D9-7ACF-4443-9E02-C76979826608}.Debug|Any CPU.ActiveCfg = Debug|Any CPU
		{735E37D9-7ACF-4443-9E02-C76979826608}.Debug|Any CPU.Build.0 = Debug|Any CPU
		{735E37D9-7ACF-4443-9E02-C76979826608}.Debug|ARM.ActiveCfg = Debug|Any CPU
		{735E37D9-7ACF-4443-9E02-C76979826608}.Debug|ARM.Build.0 = Debug|Any CPU
		{735E37D9-7ACF-4443-9E02-C76979826608}.Debug|x64.ActiveCfg = Debug|Any CPU
		{735E37D9-7ACF-4443-9E02-C76979826608}.Debug|x64.Build.0 = Debug|Any CPU
		{735E37D9-7ACF-4443-9E02-C76979826608}.Debug|x86.ActiveCfg = Debug|Any CPU
		{735E37D9-7ACF-4443-9E02-C76979826608}.Debug|x86.Build.0 = Debug|Any CPU
		{735E37D9-7ACF-4443-9E02-C76979826608}.Release|Any CPU.ActiveCfg = Release|Any CPU
		{735E37D9-7ACF-4443-9E02-C76979826608}.Release|Any CPU.Build.0 = Release|Any CPU
		{735E37D9-7ACF-4443-9E02-C76979826608}.Release|ARM.ActiveCfg = Release|Any CPU
		{735E37D9-7ACF-4443-9E02-C76979826608}.Release|ARM.Build.0 = Release|Any CPU
		{735E37D9-7ACF-4443-9E02-C76979826608}.Release|x64.ActiveCfg = Release|Any CPU
		{735E37D9-7ACF-4443-9E02-C76979826608}.Release|x64.Build.0 = Release|Any CPU
		{735E37D9-7ACF-4443-9E02-C76979826608}.Release|x86.ActiveCfg = Release|Any CPU
		{735E37D9-7ACF-4443-9E02-C76979826608}.Release|x86.Build.0 = Release|Any CPU
		{43251464-162B-488B-9C8C-7BF0422564EE}.Debug|Any CPU.ActiveCfg = Debug|Any CPU
		{43251464-162B-488B-9C8C-7BF0422564EE}.Debug|Any CPU.Build.0 = Debug|Any CPU
		{43251464-162B-488B-9C8C-7BF0422564EE}.Debug|ARM.ActiveCfg = Debug|Any CPU
		{43251464-162B-488B-9C8C-7BF0422564EE}.Debug|ARM.Build.0 = Debug|Any CPU
		{43251464-162B-488B-9C8C-7BF0422564EE}.Debug|x64.ActiveCfg = Debug|Any CPU
		{43251464-162B-488B-9C8C-7BF0422564EE}.Debug|x64.Build.0 = Debug|Any CPU
		{43251464-162B-488B-9C8C-7BF0422564EE}.Debug|x86.ActiveCfg = Debug|Any CPU
		{43251464-162B-488B-9C8C-7BF0422564EE}.Debug|x86.Build.0 = Debug|Any CPU
		{43251464-162B-488B-9C8C-7BF0422564EE}.Release|Any CPU.ActiveCfg = Release|Any CPU
		{43251464-162B-488B-9C8C-7BF0422564EE}.Release|Any CPU.Build.0 = Release|Any CPU
		{43251464-162B-488B-9C8C-7BF0422564EE}.Release|ARM.ActiveCfg = Release|Any CPU
		{43251464-162B-488B-9C8C-7BF0422564EE}.Release|ARM.Build.0 = Release|Any CPU
		{43251464-162B-488B-9C8C-7BF0422564EE}.Release|x64.ActiveCfg = Release|Any CPU
		{43251464-162B-488B-9C8C-7BF0422564EE}.Release|x64.Build.0 = Release|Any CPU
		{43251464-162B-488B-9C8C-7BF0422564EE}.Release|x86.ActiveCfg = Release|Any CPU
		{43251464-162B-488B-9C8C-7BF0422564EE}.Release|x86.Build.0 = Release|Any CPU
	EndGlobalSection
	GlobalSection(SolutionProperties) = preSolution
		HideSolutionNode = FALSE
	EndGlobalSection
	GlobalSection(ExtensibilityGlobals) = postSolution
		SolutionGuid = {6B2960E8-634A-4AE2-B078-0AFE3AA38B3E}
	EndGlobalSection
	GlobalSection(SharedMSBuildProjectFiles) = preSolution
		SharedProject1\SharedProject1.projitems*{1d15b392-fe4a-421d-9724-ede68a1029c3}*SharedItemsImports = 13
		SharedProject1\SharedProject1.projitems*{43251464-162b-488b-9c8c-7bf0422564ee}*SharedItemsImports = 5
	EndGlobalSection
EndGlobal
