
Microsoft Visual Studio Solution File, Format Version 12.00
# Visual Studio Version 17
VisualStudioVersion = 17.0.32126.317
MinimumVisualStudioVersion = 10.0.40219.1
Project("{9A19103F-16F7-4668-BE54-9A1E7A4F7556}") = "Twizzar.Api", "Runtime\Client\Twizzar.Api\Twizzar.Api.csproj", "{0AE985E9-79E0-4C4A-A6D0-8C5DBD06D024}"
	ProjectSection(ProjectDependencies) = postProject
		{24F47342-916A-4B7C-8EFE-21E1A52B1760} = {24F47342-916A-4B7C-8EFE-21E1A52B1760}
		{37970A5B-6BCC-4A69-ABCD-0A94CB7287D0} = {37970A5B-6BCC-4A69-ABCD-0A94CB7287D0}
		{A3C16C6C-8AED-408D-80E3-B0A72130B768} = {A3C16C6C-8AED-408D-80E3-B0A72130B768}
		{C81003C1-FAE9-4E70-8CB5-FE703A879D63} = {C81003C1-FAE9-4E70-8CB5-FE703A879D63}
		{D4D8AECD-29B8-4DF2-9954-A2D79B564871} = {D4D8AECD-29B8-4DF2-9954-A2D79B564871}
		{39F89DE8-368F-40F0-A37B-9F861E2079F3} = {39F89DE8-368F-40F0-A37B-9F861E2079F3}
	EndProjectSection
EndProject
Project("{2150E333-8FDC-42A3-9474-1A3956D46DE8}") = "Design", "Design", "{E80FB81A-89E9-4DAD-BDAF-381B0808045B}"
EndProject
Project("{9A19103F-16F7-4668-BE54-9A1E7A4F7556}") = "Twizzar.Design.Test", "Design\Tests\Twizzar.Design.Test\Twizzar.Design.Test.csproj", "{8BB1FEF9-DD81-44D9-9889-35755A7B8116}"
EndProject
Project("{9A19103F-16F7-4668-BE54-9A1E7A4F7556}") = "Twizzar.Runtime.Test", "Runtime\Tests\Twizzar.Runtime.Test\Twizzar.Runtime.Test.csproj", "{B08B4500-65F4-4FE5-89B4-6F9DE1A6F16C}"
EndProject
Project("{9A19103F-16F7-4668-BE54-9A1E7A4F7556}") = "Twizzar.SharedKernel.Core", "SharedKernel\Core\Twizzar.SharedKernel.Core\Twizzar.SharedKernel.Core.csproj", "{6B8057FA-F8C4-496A-A399-092E4A7A8ED9}"
EndProject
Project("{9A19103F-16F7-4668-BE54-9A1E7A4F7556}") = "Twizzar.Design.Core", "Design\Core\Twizzar.Design.Core\Twizzar.Design.Core.csproj", "{37970A5B-6BCC-4A69-ABCD-0A94CB7287D0}"
EndProject
Project("{9A19103F-16F7-4668-BE54-9A1E7A4F7556}") = "Twizzar.Design.CoreInterfaces", "Design\Core\Twizzar.Design.CoreInterfaces\Twizzar.Design.CoreInterfaces.csproj", "{A3C16C6C-8AED-408D-80E3-B0A72130B768}"
EndProject
Project("{9A19103F-16F7-4668-BE54-9A1E7A4F7556}") = "Twizzar.Design.Infrastructure", "Design\Infrastructure\Twizzar.Design.Infrastructure\Twizzar.Design.Infrastructure.csproj", "{AAE4D774-FAA6-4AF5-8B17-4557C3BD0AAE}"
EndProject
Project("{9A19103F-16F7-4668-BE54-9A1E7A4F7556}") = "Twizzar.Runtime.Core", "Runtime\Core\Twizzar.Runtime.Core\Twizzar.Runtime.Core.csproj", "{B8866D01-537E-4E5B-9682-97ECB6D0015B}"
EndProject
Project("{9A19103F-16F7-4668-BE54-9A1E7A4F7556}") = "Twizzar.Runtime.Infrastructure", "Runtime\Infrastructure\Twizzar.Runtime.Infrastructure\Twizzar.Runtime.Infrastructure.csproj", "{0C6A7B21-712E-4666-B314-ED942533589D}"
EndProject
Project("{9A19103F-16F7-4668-BE54-9A1E7A4F7556}") = "Twizzar.Design.Ui", "Design\UI\Twizzar.Design.Ui\Twizzar.Design.Ui.csproj", "{F6D6664C-1E05-4DAC-8F4D-4CB8214D77C9}"
EndProject
Project("{9A19103F-16F7-4668-BE54-9A1E7A4F7556}") = "Twizzar.Design.Ui.Interfaces", "Design\UI\Twizzar.Design.Ui.Interfaces\Twizzar.Design.Ui.Interfaces.csproj", "{39F89DE8-368F-40F0-A37B-9F861E2079F3}"
EndProject
Project("{9A19103F-16F7-4668-BE54-9A1E7A4F7556}") = "Twizzar.TestCommon", "SharedKernel\Tests\Twizzar.TestCommon\Twizzar.TestCommon.csproj", "{C81003C1-FAE9-4E70-8CB5-FE703A879D63}"
EndProject
Project("{9A19103F-16F7-4668-BE54-9A1E7A4F7556}") = "Twizzar.SharedKernel.Infrastructure", "SharedKernel\Infrastructure\Twizzar.SharedKernel.Infrastructure\Twizzar.SharedKernel.Infrastructure.csproj", "{16029F92-4664-4A20-AC23-42321ACC4F9D}"
EndProject
Project("{2150E333-8FDC-42A3-9474-1A3956D46DE8}") = "3-Core", "3-Core", "{3641DF17-FC96-480F-A09D-CB5225E2277C}"
EndProject
Project("{9A19103F-16F7-4668-BE54-9A1E7A4F7556}") = "Twizzar.Runtime.CoreInterfaces", "Runtime\Core\Twizzar.Runtime.CoreInterfaces\Twizzar.Runtime.CoreInterfaces.csproj", "{D4D8AECD-29B8-4DF2-9954-A2D79B564871}"
EndProject
Project("{2150E333-8FDC-42A3-9474-1A3956D46DE8}") = "2-Infrastructure", "2-Infrastructure", "{5C321E46-697C-4EDF-90CE-8957AE47BE47}"
EndProject
Project("{2150E333-8FDC-42A3-9474-1A3956D46DE8}") = "3-Core", "3-Core", "{AECAAC48-3E93-41FE-AD17-A3BDD8F0CD50}"
EndProject
Project("{2150E333-8FDC-42A3-9474-1A3956D46DE8}") = "2-Ui", "2-Ui", "{D4704604-BB33-48E7-967C-5129D728E43C}"
EndProject
Project("{2150E333-8FDC-42A3-9474-1A3956D46DE8}") = "2-Infrastructure", "2-Infrastructure", "{FEADDC0C-7F9C-4264-9383-CE8CF6DE613F}"
EndProject
Project("{2150E333-8FDC-42A3-9474-1A3956D46DE8}") = "SharedKernel", "SharedKernel", "{8CA0A722-291E-4E72-A2A2-712BC837522A}"
EndProject
Project("{9A19103F-16F7-4668-BE54-9A1E7A4F7556}") = "Twizzar.SharedKernel.CoreInterfaces", "SharedKernel\Core\Twizzar.SharedKernel.CoreInterfaces\Twizzar.SharedKernel.CoreInterfaces.csproj", "{24F47342-916A-4B7C-8EFE-21E1A52B1760}"
EndProject
Project("{2150E333-8FDC-42A3-9474-1A3956D46DE8}") = "3-Core", "3-Core", "{9860ED07-056F-42E3-BC14-1C7B10A34C78}"
EndProject
Project("{2150E333-8FDC-42A3-9474-1A3956D46DE8}") = "2-Infrastructure", "2-Infrastructure", "{8F1BF723-DD54-4C6A-80C6-5DC2218BAAE5}"
EndProject
Project("{9A19103F-16F7-4668-BE54-9A1E7A4F7556}") = "Twizzar.SharedKernel.Factories", "SharedKernel\Factory\Twizzar.SharedKernel.Factories\Twizzar.SharedKernel.Factories.csproj", "{454F8ED0-84A1-4C67-8941-28B2BEE1B60E}"
EndProject
Project("{2150E333-8FDC-42A3-9474-1A3956D46DE8}") = "1-CompositionRoot", "1-CompositionRoot", "{004FE647-26B9-4CA0-B093-5A024EA1E63A}"
EndProject
Project("{2150E333-8FDC-42A3-9474-1A3956D46DE8}") = "SolutionFiles", "SolutionFiles", "{314EB7FC-C73A-4186-A806-228E89B2F73C}"
	ProjectSection(SolutionItems) = preProject
		.editorconfig = .editorconfig
		Directory.Build.props = Directory.Build.props
		EULA_Twizzar-Library.md = EULA_Twizzar-Library.md
		GeneralRules.ruleset = GeneralRules.ruleset
		BuildScripts\internal-release-build-pipeline.yml = BuildScripts\internal-release-build-pipeline.yml
		nuget.config = nuget.config
		BuildScripts\release-build-pipeline-only-code-quality.yml = BuildScripts\release-build-pipeline-only-code-quality.yml
		BuildScripts\release-build-pipeline.yml = BuildScripts\release-build-pipeline.yml
		Twizzar.sln.DotSettings = Twizzar.sln.DotSettings
		Vs2019Dependencies.targets = Vs2019Dependencies.targets
	EndProjectSection
EndProject
Project("{9A19103F-16F7-4668-BE54-9A1E7A4F7556}") = "Twizzar.Runtime.Core.Tests", "Runtime\Tests\Twizzar.Runtime.Core.Tests\Twizzar.Runtime.Core.Tests.csproj", "{F98EAA1B-9D7C-400B-AF2C-7D93C928EB92}"
EndProject
Project("{9A19103F-16F7-4668-BE54-9A1E7A4F7556}") = "Twizzar.Runtime.Infrastructure.Tests", "Runtime\Tests\Twizzar.Runtime.Infrastructure.Tests\Twizzar.Runtime.Infrastructure.Tests.csproj", "{2FFB3512-3F9C-45D6-9A7D-B023FDB6B87A}"
EndProject
Project("{9A19103F-16F7-4668-BE54-9A1E7A4F7556}") = "Twizzar.Design.Infrastructure.Tests", "Design\Tests\Twizzar.Design.Infrastructure.Tests\Twizzar.Design.Infrastructure.Tests.csproj", "{F7E33577-D477-4C02-8443-B271E54C202B}"
EndProject
Project("{9A19103F-16F7-4668-BE54-9A1E7A4F7556}") = "Twizzar.Api.Tests", "Runtime\Tests\Twizzar.Api.Tests\Twizzar.Api.Tests.csproj", "{53A7F6D7-DC3B-41F2-9306-45D39E7FCA73}"
EndProject
Project("{9A19103F-16F7-4668-BE54-9A1E7A4F7556}") = "Twizzar.SharedKernel.CoreInterfaces.Tests", "SharedKernel\Tests\Twizzar.SharedKernel.CoreInterfaces.Tests\Twizzar.SharedKernel.CoreInterfaces.Tests.csproj", "{433848A3-002F-4D34-8947-913325825C1B}"
EndProject
Project("{9A19103F-16F7-4668-BE54-9A1E7A4F7556}") = "Twizzar.SharedKernel.Core.Tests", "SharedKernel\Tests\Twizzar.SharedKernel.Core.Tests\Twizzar.SharedKernel.Core.Tests.csproj", "{0448661F-AFD4-4EDC-9E3F-B6B8E702EA63}"
EndProject
Project("{9A19103F-16F7-4668-BE54-9A1E7A4F7556}") = "Twizzar.Design.TestCommon", "Design\Tests\Twizzar.Design.TestCommon\Twizzar.Design.TestCommon.csproj", "{4AE1E275-9750-43E6-8C55-A62ECC19C34D}"
EndProject
Project("{2150E333-8FDC-42A3-9474-1A3956D46DE8}") = "Runtime", "Runtime", "{33E8C576-3F9C-425A-8A73-2214DF8D7540}"
EndProject
Project("{2150E333-8FDC-42A3-9474-1A3956D46DE8}") = "1-Client", "1-Client", "{5C10AE35-C4E6-49F2-9678-6805C4402B4F}"
EndProject
Project("{2150E333-8FDC-42A3-9474-1A3956D46DE8}") = "1-Client", "1-Client", "{BC764F44-9612-4DD4-BE1F-626D5FB27DCD}"
EndProject
Project("{2150E333-8FDC-42A3-9474-1A3956D46DE8}") = "1-Tests", "1-Tests", "{78A68032-96A3-492A-AA45-9C8C566FB830}"
EndProject
Project("{2150E333-8FDC-42A3-9474-1A3956D46DE8}") = "1-Tests", "1-Tests", "{D430ABFE-E96B-4FC4-9B07-DB09A1BA0D6A}"
EndProject
Project("{2150E333-8FDC-42A3-9474-1A3956D46DE8}") = "1-Tests", "1-Tests", "{8D909615-C92E-4A12-93D0-D6A3D251005C}"
EndProject
Project("{2150E333-8FDC-42A3-9474-1A3956D46DE8}") = "Old", "Old", "{939CB2C1-8C32-4918-ACB0-342EBB6665F2}"
EndProject
Project("{2150E333-8FDC-42A3-9474-1A3956D46DE8}") = "Old", "Old", "{4B7C8852-255F-4C6E-8D66-A1969F96930B}"
EndProject
Project("{2150E333-8FDC-42A3-9474-1A3956D46DE8}") = "Ci", "Ci", "{943363FE-A377-4756-B004-E7EA508F2C8A}"
	ProjectSection(SolutionItems) = preProject
		BuildScripts\Ci\build.yml = BuildScripts\Ci\build.yml
		BuildScripts\Ci\git-version.yml = BuildScripts\Ci\git-version.yml
		BuildScripts\Ci\nuget-publish.yml = BuildScripts\Ci\nuget-publish.yml
		BuildScripts\Ci\nuget-restore.yml = BuildScripts\Ci\nuget-restore.yml
		BuildScripts\Ci\publish-artifact.yml = BuildScripts\Ci\publish-artifact.yml
		BuildScripts\Ci\publish-symbol.yml = BuildScripts\Ci\publish-symbol.yml
		BuildScripts\Ci\rename-namespace-for-internal.ps1 = BuildScripts\Ci\rename-namespace-for-internal.ps1
		BuildScripts\Ci\sonarqube.yml = BuildScripts\Ci\sonarqube.yml
		BuildScripts\Ci\test.yml = BuildScripts\Ci\test.yml
		BuildScripts\Ci\update-vsixmanifest-version.ps1 = BuildScripts\Ci\update-vsixmanifest-version.ps1
	EndProjectSection
EndProject
Project("{9A19103F-16F7-4668-BE54-9A1E7A4F7556}") = "Twizzar.Design.Core.Tests", "Design\Tests\Twizzar.Design.Core.Tests\Twizzar.Design.Core.Tests.csproj", "{C63BCA5C-5798-43B8-A1C6-6228003B5DC2}"
EndProject
Project("{9A19103F-16F7-4668-BE54-9A1E7A4F7556}") = "Twizzar.Design.CoreInterfaces.Tests", "Design\Tests\Twizzar.Design.CoreInterfaces.Tests\Twizzar.Design.CoreInterfaces.Tests.csproj", "{E8BF5DB8-64AB-4135-986A-F30E959710A1}"
EndProject
Project("{9A19103F-16F7-4668-BE54-9A1E7A4F7556}") = "Twizzar.Design.Ui.Tests", "Design\Tests\Twizzar.Design.Ui.Tests\Twizzar.Design.Ui.Tests.csproj", "{CD0D0860-1BCF-4299-BC61-8D496DB87AE7}"
EndProject
Project("{D954291E-2A0B-460D-934E-DC6B0785DB48}") = "Twizzar.VsAddin", "Design\Client\Twizzar.VsAddin\Twizzar.VsAddin.shproj", "{D31FB8C9-8625-4EBF-B9B9-E1ADB215A775}"
EndProject
Project("{D954291E-2A0B-460D-934E-DC6B0785DB48}") = "Twizzar.Design.Infrastructure.VisualStudio", "Design\Infrastructure\Twizzar.Design.Infrastructure.VisualStudio\Twizzar.Design.Infrastructure.VisualStudio.shproj", "{7AFB3F5B-3DBF-4735-BA24-0B1439038E8F}"
EndProject
Project("{9A19103F-16F7-4668-BE54-9A1E7A4F7556}") = "Twizzar.Design.Infrastructure.VisualStudio.Ui", "Design\Infrastructure\Twizzar.Design.Infrastructure.VisualStudio.Ui\Twizzar.Design.Infrastructure.VisualStudio.Ui.csproj", "{769A9651-819F-46E2-BA86-8F4CE897717D}"
EndProject
Project("{FAE04EC0-301F-11D3-BF4B-00C04F79EFBC}") = "Twizzar.VsAddin2022", "Design\Client\Twizzar.VsAddin2022\Twizzar.VsAddin2022.csproj", "{0D2E4947-8422-432B-BCA8-7CBF38C6858A}"
EndProject
Project("{9A19103F-16F7-4668-BE54-9A1E7A4F7556}") = "Twizzar.Design.Infrastructure.VisualStudio2022", "Design\Infrastructure\Twizzar.Design.Infrastructure.VisualStudio2022\Twizzar.Design.Infrastructure.VisualStudio2022.csproj", "{C03CBD66-F4AA-48E2-A861-6ECDEA27C1E8}"
EndProject
Project("{D954291E-2A0B-460D-934E-DC6B0785DB48}") = "Twizzar.Design.Infrastructure.VisualStudio.Tests.Shared", "Design\Tests\Twizzar.Design.Infrastructure.VisualStudio.Tests.Shared\Twizzar.Design.Infrastructure.VisualStudio.Tests.Shared.shproj", "{4BC18002-18FC-4AD7-BFE0-78E8A4B58919}"
EndProject
Project("{9A19103F-16F7-4668-BE54-9A1E7A4F7556}") = "Twizzar.Design.Infrastructure.VisualStudio2022.Tests", "Design\Tests\Twizzar.Design.Infrastructure.VisualStudio2022.Tests\Twizzar.Design.Infrastructure.VisualStudio2022.Tests.csproj", "{732814E0-7923-46E3-82E6-F02D050E9850}"
EndProject
Project("{2150E333-8FDC-42A3-9474-1A3956D46DE8}") = "2-Shared", "2-Shared", "{33DA3629-69A2-4692-87A3-EC2F0CB5A07F}"
EndProject
Project("{2150E333-8FDC-42A3-9474-1A3956D46DE8}") = "1-Analyzer", "1-Analyzer", "{51D8C04F-D642-4298-ACB5-77C3C3ABB727}"
EndProject
Project("{2150E333-8FDC-42A3-9474-1A3956D46DE8}") = "1-Addin", "1-Addin", "{842B8187-A0BE-428F-A0B0-464C9D5D8D4F}"
EndProject
Project("{2150E333-8FDC-42A3-9474-1A3956D46DE8}") = "1-Client", "1-Client", "{E731D4E5-DC25-4883-AA4C-F386A18F1CF9}"
EndProject
Project("{2150E333-8FDC-42A3-9474-1A3956D46DE8}") = "1-Tests", "1-Tests", "{D4DAD7BD-45EF-4E87-905D-A35677911DE2}"
EndProject
Project("{2150E333-8FDC-42A3-9474-1A3956D46DE8}") = "1-Tests", "1-Tests", "{EDC55868-0A07-4DDE-8398-B32A05C02B8E}"
EndProject
Project("{2150E333-8FDC-42A3-9474-1A3956D46DE8}") = "2-Infrastructure", "2-Infrastructure", "{71BCE0D4-7A5B-4447-9A9E-3BBE8D7A0AF4}"
EndProject
Project("{2150E333-8FDC-42A3-9474-1A3956D46DE8}") = "3-Core", "3-Core", "{9672B585-FFD7-4A88-9438-B6B83E144233}"
EndProject
Project("{9A19103F-16F7-4668-BE54-9A1E7A4F7556}") = "Twizzar.Design.Shared.CoreInterfaces", "Design\Shared\Core\Twizzar.Design.Shared.CoreInterfaces\Twizzar.Design.Shared.CoreInterfaces.csproj", "{C29587AB-2341-43BF-B27F-C5A5DCED3C81}"
EndProject
Project("{9A19103F-16F7-4668-BE54-9A1E7A4F7556}") = "Twizzar.Design.Shared.Infrastructure.Tests", "Design\Shared\Tests\Twizzar.Design.Shared.Infrastructure.Tests\Twizzar.Design.Shared.Infrastructure.Tests.csproj", "{4C1D93AC-BFEA-4E7F-851C-8ACB7651F101}"
EndProject
Project("{9A19103F-16F7-4668-BE54-9A1E7A4F7556}") = "Twizzar.Design.Shared.CoreInterfaces.Tests", "Design\Shared\Tests\Twizzar.Design.Shared.CoreInterfaces.Tests\Twizzar.Design.Shared.CoreInterfaces.Tests.csproj", "{4A56E996-0B62-4687-83A2-E45DC288CBE7}"
EndProject
Project("{D954291E-2A0B-460D-934E-DC6B0785DB48}") = "Twizzar.Design.Shared.Infrastructure.Shared", "Design\Shared\Infrastructure\Twizzar.Design.Shared.Infrastructure.Shared\Twizzar.Design.Shared.Infrastructure.Shared.shproj", "{D8537E99-206E-40C9-BD7F-8F9D34CB5686}"
EndProject
Project("{9A19103F-16F7-4668-BE54-9A1E7A4F7556}") = "Twizzar.Design.Shared.Infrastructure.VisualStudio2022", "Design\Shared\Infrastructure\Twizzar.Design.Shared.Infrastructure.VisualStudio2022\Twizzar.Design.Shared.Infrastructure.VisualStudio2022.csproj", "{11F65F65-A17B-484F-A888-E9759D3333D5}"
EndProject
Project("{D954291E-2A0B-460D-934E-DC6B0785DB48}") = "Twizzar.Analyzer.App.Tests", "Design\Analyzer\Tests\Twizzar.Analyzer.App.Tests\Twizzar.Analyzer.App.Tests.shproj", "{C0616BCE-84F8-493D-B966-0E76907F7A96}"
EndProject
Project("{9A19103F-16F7-4668-BE54-9A1E7A4F7556}") = "Twizzar.Analyzer2022.App.Tests", "Design\Analyzer\Tests\Twizzar.Analyzer2022.App.Tests\Twizzar.Analyzer2022.App.Tests.csproj", "{1B678B26-1B6C-40E1-BB82-F2A60A7FC320}"
EndProject
Project("{9A19103F-16F7-4668-BE54-9A1E7A4F7556}") = "Twizzar.Analyzer2022", "Design\Analyzer\Client\Twizzar.Analyzer2022\Twizzar.Analyzer2022.csproj", "{3F891611-CEF4-4A1B-AB78-6B5DBEF8A774}"
EndProject
Project("{2150E333-8FDC-42A3-9474-1A3956D46DE8}") = "3-App", "3-App", "{8256C589-55B9-40BF-8056-B7B7CD8E733F}"
EndProject
Project("{D954291E-2A0B-460D-934E-DC6B0785DB48}") = "Twizzar.Analyzer.App", "Design\Analyzer\App\Twizzar.Analyzer.App\Twizzar.Analyzer.App.shproj", "{468A4E7A-1EA6-4C7C-BB0F-D5B120BE30F4}"
EndProject
Project("{9A19103F-16F7-4668-BE54-9A1E7A4F7556}") = "Twizzar.Analyzer2022.App", "Design\Analyzer\App\Twizzar.Analyzer2022.App\Twizzar.Analyzer2022.App.csproj", "{0D92F018-E751-4C5A-86FE-2F9679AA6D17}"
EndProject
Project("{9A19103F-16F7-4668-BE54-9A1E7A4F7556}") = "Twizzar.SharedKernel.Infrastructure.Tests", "SharedKernel\Tests\Twizzar.SharedKernel.Infrastructure.Tests\Twizzar.SharedKernel.Infrastructure.Tests.csproj", "{7097B0A7-94BF-40AD-A3DA-9FFCBB162CD6}"
EndProject
Project("{9A19103F-16F7-4668-BE54-9A1E7A4F7556}") = "Twizzar.SharedKernel.NLog", "SharedKernel\Infrastructure\Twizzar.SharedKernel.NLog\Twizzar.SharedKernel.NLog.csproj", "{37BFD8F6-16BD-417E-814E-82484D49559A}"
EndProject
Project("{9A19103F-16F7-4668-BE54-9A1E7A4F7556}") = "Twizzar.SharedKernel.NLog.Tests", "SharedKernel\Tests\Twizzar.SharedKernel.NLog.Tests\Twizzar.SharedKernel.NLog.Tests.csproj", "{0ED8C5A0-5AB4-48A6-8D7E-E62263907DEA}"
EndProject
Global
	GlobalSection(SolutionConfigurationPlatforms) = preSolution
		Debug|Any CPU = Debug|Any CPU
		Debug|arm64 = Debug|arm64
		Debug|x86 = Debug|x86
		Internal|Any CPU = Internal|Any CPU
		Internal|arm64 = Internal|arm64
		Internal|x86 = Internal|x86
		Release|Any CPU = Release|Any CPU
		Release|arm64 = Release|arm64
		Release|x86 = Release|x86
	EndGlobalSection
	GlobalSection(ProjectConfigurationPlatforms) = postSolution
		{0AE985E9-79E0-4C4A-A6D0-8C5DBD06D024}.Debug|Any CPU.ActiveCfg = Debug|Any CPU
		{0AE985E9-79E0-4C4A-A6D0-8C5DBD06D024}.Debug|Any CPU.Build.0 = Debug|Any CPU
		{0AE985E9-79E0-4C4A-A6D0-8C5DBD06D024}.Debug|arm64.ActiveCfg = Debug|Any CPU
		{0AE985E9-79E0-4C4A-A6D0-8C5DBD06D024}.Debug|arm64.Build.0 = Debug|Any CPU
		{0AE985E9-79E0-4C4A-A6D0-8C5DBD06D024}.Debug|x86.ActiveCfg = Debug|Any CPU
		{0AE985E9-79E0-4C4A-A6D0-8C5DBD06D024}.Debug|x86.Build.0 = Debug|Any CPU
		{0AE985E9-79E0-4C4A-A6D0-8C5DBD06D024}.Internal|Any CPU.ActiveCfg = Internal|Any CPU
		{0AE985E9-79E0-4C4A-A6D0-8C5DBD06D024}.Internal|Any CPU.Build.0 = Internal|Any CPU
		{0AE985E9-79E0-4C4A-A6D0-8C5DBD06D024}.Internal|arm64.ActiveCfg = Internal|Any CPU
		{0AE985E9-79E0-4C4A-A6D0-8C5DBD06D024}.Internal|arm64.Build.0 = Internal|Any CPU
		{0AE985E9-79E0-4C4A-A6D0-8C5DBD06D024}.Internal|x86.ActiveCfg = Internal|Any CPU
		{0AE985E9-79E0-4C4A-A6D0-8C5DBD06D024}.Internal|x86.Build.0 = Internal|Any CPU
		{0AE985E9-79E0-4C4A-A6D0-8C5DBD06D024}.Release|Any CPU.ActiveCfg = Release|Any CPU
		{0AE985E9-79E0-4C4A-A6D0-8C5DBD06D024}.Release|Any CPU.Build.0 = Release|Any CPU
		{0AE985E9-79E0-4C4A-A6D0-8C5DBD06D024}.Release|arm64.ActiveCfg = Release|Any CPU
		{0AE985E9-79E0-4C4A-A6D0-8C5DBD06D024}.Release|arm64.Build.0 = Release|Any CPU
		{0AE985E9-79E0-4C4A-A6D0-8C5DBD06D024}.Release|x86.ActiveCfg = Release|Any CPU
		{0AE985E9-79E0-4C4A-A6D0-8C5DBD06D024}.Release|x86.Build.0 = Release|Any CPU
		{8BB1FEF9-DD81-44D9-9889-35755A7B8116}.Debug|Any CPU.ActiveCfg = Debug|Any CPU
		{8BB1FEF9-DD81-44D9-9889-35755A7B8116}.Debug|Any CPU.Build.0 = Debug|Any CPU
		{8BB1FEF9-DD81-44D9-9889-35755A7B8116}.Debug|arm64.ActiveCfg = Debug|Any CPU
		{8BB1FEF9-DD81-44D9-9889-35755A7B8116}.Debug|arm64.Build.0 = Debug|Any CPU
		{8BB1FEF9-DD81-44D9-9889-35755A7B8116}.Debug|x86.ActiveCfg = Debug|Any CPU
		{8BB1FEF9-DD81-44D9-9889-35755A7B8116}.Debug|x86.Build.0 = Debug|Any CPU
		{8BB1FEF9-DD81-44D9-9889-35755A7B8116}.Internal|Any CPU.ActiveCfg = Internal|Any CPU
		{8BB1FEF9-DD81-44D9-9889-35755A7B8116}.Internal|arm64.ActiveCfg = Internal|Any CPU
		{8BB1FEF9-DD81-44D9-9889-35755A7B8116}.Internal|arm64.Build.0 = Internal|Any CPU
		{8BB1FEF9-DD81-44D9-9889-35755A7B8116}.Internal|x86.ActiveCfg = Internal|Any CPU
		{8BB1FEF9-DD81-44D9-9889-35755A7B8116}.Internal|x86.Build.0 = Internal|Any CPU
		{8BB1FEF9-DD81-44D9-9889-35755A7B8116}.Release|Any CPU.ActiveCfg = Release|Any CPU
		{8BB1FEF9-DD81-44D9-9889-35755A7B8116}.Release|Any CPU.Build.0 = Release|Any CPU
		{8BB1FEF9-DD81-44D9-9889-35755A7B8116}.Release|arm64.ActiveCfg = Release|Any CPU
		{8BB1FEF9-DD81-44D9-9889-35755A7B8116}.Release|arm64.Build.0 = Release|Any CPU
		{8BB1FEF9-DD81-44D9-9889-35755A7B8116}.Release|x86.ActiveCfg = Release|Any CPU
		{8BB1FEF9-DD81-44D9-9889-35755A7B8116}.Release|x86.Build.0 = Release|Any CPU
		{B08B4500-65F4-4FE5-89B4-6F9DE1A6F16C}.Debug|Any CPU.ActiveCfg = Debug|Any CPU
		{B08B4500-65F4-4FE5-89B4-6F9DE1A6F16C}.Debug|Any CPU.Build.0 = Debug|Any CPU
		{B08B4500-65F4-4FE5-89B4-6F9DE1A6F16C}.Debug|arm64.ActiveCfg = Debug|Any CPU
		{B08B4500-65F4-4FE5-89B4-6F9DE1A6F16C}.Debug|arm64.Build.0 = Debug|Any CPU
		{B08B4500-65F4-4FE5-89B4-6F9DE1A6F16C}.Debug|x86.ActiveCfg = Debug|Any CPU
		{B08B4500-65F4-4FE5-89B4-6F9DE1A6F16C}.Debug|x86.Build.0 = Debug|Any CPU
		{B08B4500-65F4-4FE5-89B4-6F9DE1A6F16C}.Internal|Any CPU.ActiveCfg = Internal|Any CPU
		{B08B4500-65F4-4FE5-89B4-6F9DE1A6F16C}.Internal|arm64.ActiveCfg = Internal|Any CPU
		{B08B4500-65F4-4FE5-89B4-6F9DE1A6F16C}.Internal|arm64.Build.0 = Internal|Any CPU
		{B08B4500-65F4-4FE5-89B4-6F9DE1A6F16C}.Internal|x86.ActiveCfg = Internal|Any CPU
		{B08B4500-65F4-4FE5-89B4-6F9DE1A6F16C}.Internal|x86.Build.0 = Internal|Any CPU
		{B08B4500-65F4-4FE5-89B4-6F9DE1A6F16C}.Release|Any CPU.ActiveCfg = Release|Any CPU
		{B08B4500-65F4-4FE5-89B4-6F9DE1A6F16C}.Release|Any CPU.Build.0 = Release|Any CPU
		{B08B4500-65F4-4FE5-89B4-6F9DE1A6F16C}.Release|arm64.ActiveCfg = Release|Any CPU
		{B08B4500-65F4-4FE5-89B4-6F9DE1A6F16C}.Release|arm64.Build.0 = Release|Any CPU
		{B08B4500-65F4-4FE5-89B4-6F9DE1A6F16C}.Release|x86.ActiveCfg = Release|Any CPU
		{B08B4500-65F4-4FE5-89B4-6F9DE1A6F16C}.Release|x86.Build.0 = Release|Any CPU
		{6B8057FA-F8C4-496A-A399-092E4A7A8ED9}.Debug|Any CPU.ActiveCfg = Debug|Any CPU
		{6B8057FA-F8C4-496A-A399-092E4A7A8ED9}.Debug|Any CPU.Build.0 = Debug|Any CPU
		{6B8057FA-F8C4-496A-A399-092E4A7A8ED9}.Debug|arm64.ActiveCfg = Debug|Any CPU
		{6B8057FA-F8C4-496A-A399-092E4A7A8ED9}.Debug|arm64.Build.0 = Debug|Any CPU
		{6B8057FA-F8C4-496A-A399-092E4A7A8ED9}.Debug|x86.ActiveCfg = Debug|Any CPU
		{6B8057FA-F8C4-496A-A399-092E4A7A8ED9}.Debug|x86.Build.0 = Debug|Any CPU
		{6B8057FA-F8C4-496A-A399-092E4A7A8ED9}.Internal|Any CPU.ActiveCfg = Internal|Any CPU
		{6B8057FA-F8C4-496A-A399-092E4A7A8ED9}.Internal|Any CPU.Build.0 = Internal|Any CPU
		{6B8057FA-F8C4-496A-A399-092E4A7A8ED9}.Internal|arm64.ActiveCfg = Internal|Any CPU
		{6B8057FA-F8C4-496A-A399-092E4A7A8ED9}.Internal|arm64.Build.0 = Internal|Any CPU
		{6B8057FA-F8C4-496A-A399-092E4A7A8ED9}.Internal|x86.ActiveCfg = Internal|Any CPU
		{6B8057FA-F8C4-496A-A399-092E4A7A8ED9}.Internal|x86.Build.0 = Internal|Any CPU
		{6B8057FA-F8C4-496A-A399-092E4A7A8ED9}.Release|Any CPU.ActiveCfg = Release|Any CPU
		{6B8057FA-F8C4-496A-A399-092E4A7A8ED9}.Release|Any CPU.Build.0 = Release|Any CPU
		{6B8057FA-F8C4-496A-A399-092E4A7A8ED9}.Release|arm64.ActiveCfg = Release|Any CPU
		{6B8057FA-F8C4-496A-A399-092E4A7A8ED9}.Release|arm64.Build.0 = Release|Any CPU
		{6B8057FA-F8C4-496A-A399-092E4A7A8ED9}.Release|x86.ActiveCfg = Release|Any CPU
		{6B8057FA-F8C4-496A-A399-092E4A7A8ED9}.Release|x86.Build.0 = Release|Any CPU
		{37970A5B-6BCC-4A69-ABCD-0A94CB7287D0}.Debug|Any CPU.ActiveCfg = Debug|Any CPU
		{37970A5B-6BCC-4A69-ABCD-0A94CB7287D0}.Debug|Any CPU.Build.0 = Debug|Any CPU
		{37970A5B-6BCC-4A69-ABCD-0A94CB7287D0}.Debug|arm64.ActiveCfg = Debug|Any CPU
		{37970A5B-6BCC-4A69-ABCD-0A94CB7287D0}.Debug|arm64.Build.0 = Debug|Any CPU
		{37970A5B-6BCC-4A69-ABCD-0A94CB7287D0}.Debug|x86.ActiveCfg = Debug|Any CPU
		{37970A5B-6BCC-4A69-ABCD-0A94CB7287D0}.Debug|x86.Build.0 = Debug|Any CPU
		{37970A5B-6BCC-4A69-ABCD-0A94CB7287D0}.Internal|Any CPU.ActiveCfg = Internal|Any CPU
		{37970A5B-6BCC-4A69-ABCD-0A94CB7287D0}.Internal|Any CPU.Build.0 = Internal|Any CPU
		{37970A5B-6BCC-4A69-ABCD-0A94CB7287D0}.Internal|arm64.ActiveCfg = Internal|Any CPU
		{37970A5B-6BCC-4A69-ABCD-0A94CB7287D0}.Internal|arm64.Build.0 = Internal|Any CPU
		{37970A5B-6BCC-4A69-ABCD-0A94CB7287D0}.Internal|x86.ActiveCfg = Internal|Any CPU
		{37970A5B-6BCC-4A69-ABCD-0A94CB7287D0}.Internal|x86.Build.0 = Internal|Any CPU
		{37970A5B-6BCC-4A69-ABCD-0A94CB7287D0}.Release|Any CPU.ActiveCfg = Release|Any CPU
		{37970A5B-6BCC-4A69-ABCD-0A94CB7287D0}.Release|Any CPU.Build.0 = Release|Any CPU
		{37970A5B-6BCC-4A69-ABCD-0A94CB7287D0}.Release|arm64.ActiveCfg = Release|Any CPU
		{37970A5B-6BCC-4A69-ABCD-0A94CB7287D0}.Release|arm64.Build.0 = Release|Any CPU
		{37970A5B-6BCC-4A69-ABCD-0A94CB7287D0}.Release|x86.ActiveCfg = Release|Any CPU
		{37970A5B-6BCC-4A69-ABCD-0A94CB7287D0}.Release|x86.Build.0 = Release|Any CPU
		{A3C16C6C-8AED-408D-80E3-B0A72130B768}.Debug|Any CPU.ActiveCfg = Debug|Any CPU
		{A3C16C6C-8AED-408D-80E3-B0A72130B768}.Debug|Any CPU.Build.0 = Debug|Any CPU
		{A3C16C6C-8AED-408D-80E3-B0A72130B768}.Debug|arm64.ActiveCfg = Debug|Any CPU
		{A3C16C6C-8AED-408D-80E3-B0A72130B768}.Debug|arm64.Build.0 = Debug|Any CPU
		{A3C16C6C-8AED-408D-80E3-B0A72130B768}.Debug|x86.ActiveCfg = Debug|Any CPU
		{A3C16C6C-8AED-408D-80E3-B0A72130B768}.Debug|x86.Build.0 = Debug|Any CPU
		{A3C16C6C-8AED-408D-80E3-B0A72130B768}.Internal|Any CPU.ActiveCfg = Internal|Any CPU
		{A3C16C6C-8AED-408D-80E3-B0A72130B768}.Internal|Any CPU.Build.0 = Internal|Any CPU
		{A3C16C6C-8AED-408D-80E3-B0A72130B768}.Internal|arm64.ActiveCfg = Internal|Any CPU
		{A3C16C6C-8AED-408D-80E3-B0A72130B768}.Internal|arm64.Build.0 = Internal|Any CPU
		{A3C16C6C-8AED-408D-80E3-B0A72130B768}.Internal|x86.ActiveCfg = Internal|Any CPU
		{A3C16C6C-8AED-408D-80E3-B0A72130B768}.Internal|x86.Build.0 = Internal|Any CPU
		{A3C16C6C-8AED-408D-80E3-B0A72130B768}.Release|Any CPU.ActiveCfg = Release|Any CPU
		{A3C16C6C-8AED-408D-80E3-B0A72130B768}.Release|Any CPU.Build.0 = Release|Any CPU
		{A3C16C6C-8AED-408D-80E3-B0A72130B768}.Release|arm64.ActiveCfg = Release|Any CPU
		{A3C16C6C-8AED-408D-80E3-B0A72130B768}.Release|arm64.Build.0 = Release|Any CPU
		{A3C16C6C-8AED-408D-80E3-B0A72130B768}.Release|x86.ActiveCfg = Release|Any CPU
		{A3C16C6C-8AED-408D-80E3-B0A72130B768}.Release|x86.Build.0 = Release|Any CPU
		{AAE4D774-FAA6-4AF5-8B17-4557C3BD0AAE}.Debug|Any CPU.ActiveCfg = Debug|Any CPU
		{AAE4D774-FAA6-4AF5-8B17-4557C3BD0AAE}.Debug|Any CPU.Build.0 = Debug|Any CPU
		{AAE4D774-FAA6-4AF5-8B17-4557C3BD0AAE}.Debug|arm64.ActiveCfg = Debug|Any CPU
		{AAE4D774-FAA6-4AF5-8B17-4557C3BD0AAE}.Debug|arm64.Build.0 = Debug|Any CPU
		{AAE4D774-FAA6-4AF5-8B17-4557C3BD0AAE}.Debug|x86.ActiveCfg = Debug|Any CPU
		{AAE4D774-FAA6-4AF5-8B17-4557C3BD0AAE}.Debug|x86.Build.0 = Debug|Any CPU
		{AAE4D774-FAA6-4AF5-8B17-4557C3BD0AAE}.Internal|Any CPU.ActiveCfg = Internal|Any CPU
		{AAE4D774-FAA6-4AF5-8B17-4557C3BD0AAE}.Internal|Any CPU.Build.0 = Internal|Any CPU
		{AAE4D774-FAA6-4AF5-8B17-4557C3BD0AAE}.Internal|arm64.ActiveCfg = Internal|Any CPU
		{AAE4D774-FAA6-4AF5-8B17-4557C3BD0AAE}.Internal|arm64.Build.0 = Internal|Any CPU
		{AAE4D774-FAA6-4AF5-8B17-4557C3BD0AAE}.Internal|x86.ActiveCfg = Internal|Any CPU
		{AAE4D774-FAA6-4AF5-8B17-4557C3BD0AAE}.Internal|x86.Build.0 = Internal|Any CPU
		{AAE4D774-FAA6-4AF5-8B17-4557C3BD0AAE}.Release|Any CPU.ActiveCfg = Release|Any CPU
		{AAE4D774-FAA6-4AF5-8B17-4557C3BD0AAE}.Release|Any CPU.Build.0 = Release|Any CPU
		{AAE4D774-FAA6-4AF5-8B17-4557C3BD0AAE}.Release|arm64.ActiveCfg = Release|Any CPU
		{AAE4D774-FAA6-4AF5-8B17-4557C3BD0AAE}.Release|arm64.Build.0 = Release|Any CPU
		{AAE4D774-FAA6-4AF5-8B17-4557C3BD0AAE}.Release|x86.ActiveCfg = Release|Any CPU
		{AAE4D774-FAA6-4AF5-8B17-4557C3BD0AAE}.Release|x86.Build.0 = Release|Any CPU
		{B8866D01-537E-4E5B-9682-97ECB6D0015B}.Debug|Any CPU.ActiveCfg = Debug|Any CPU
		{B8866D01-537E-4E5B-9682-97ECB6D0015B}.Debug|Any CPU.Build.0 = Debug|Any CPU
		{B8866D01-537E-4E5B-9682-97ECB6D0015B}.Debug|arm64.ActiveCfg = Debug|Any CPU
		{B8866D01-537E-4E5B-9682-97ECB6D0015B}.Debug|arm64.Build.0 = Debug|Any CPU
		{B8866D01-537E-4E5B-9682-97ECB6D0015B}.Debug|x86.ActiveCfg = Debug|Any CPU
		{B8866D01-537E-4E5B-9682-97ECB6D0015B}.Debug|x86.Build.0 = Debug|Any CPU
		{B8866D01-537E-4E5B-9682-97ECB6D0015B}.Internal|Any CPU.ActiveCfg = Internal|Any CPU
		{B8866D01-537E-4E5B-9682-97ECB6D0015B}.Internal|Any CPU.Build.0 = Internal|Any CPU
		{B8866D01-537E-4E5B-9682-97ECB6D0015B}.Internal|arm64.ActiveCfg = Internal|Any CPU
		{B8866D01-537E-4E5B-9682-97ECB6D0015B}.Internal|arm64.Build.0 = Internal|Any CPU
		{B8866D01-537E-4E5B-9682-97ECB6D0015B}.Internal|x86.ActiveCfg = Internal|Any CPU
		{B8866D01-537E-4E5B-9682-97ECB6D0015B}.Internal|x86.Build.0 = Internal|Any CPU
		{B8866D01-537E-4E5B-9682-97ECB6D0015B}.Release|Any CPU.ActiveCfg = Release|Any CPU
		{B8866D01-537E-4E5B-9682-97ECB6D0015B}.Release|Any CPU.Build.0 = Release|Any CPU
		{B8866D01-537E-4E5B-9682-97ECB6D0015B}.Release|arm64.ActiveCfg = Release|Any CPU
		{B8866D01-537E-4E5B-9682-97ECB6D0015B}.Release|arm64.Build.0 = Release|Any CPU
		{B8866D01-537E-4E5B-9682-97ECB6D0015B}.Release|x86.ActiveCfg = Release|Any CPU
		{B8866D01-537E-4E5B-9682-97ECB6D0015B}.Release|x86.Build.0 = Release|Any CPU
		{0C6A7B21-712E-4666-B314-ED942533589D}.Debug|Any CPU.ActiveCfg = Debug|Any CPU
		{0C6A7B21-712E-4666-B314-ED942533589D}.Debug|Any CPU.Build.0 = Debug|Any CPU
		{0C6A7B21-712E-4666-B314-ED942533589D}.Debug|arm64.ActiveCfg = Debug|Any CPU
		{0C6A7B21-712E-4666-B314-ED942533589D}.Debug|arm64.Build.0 = Debug|Any CPU
		{0C6A7B21-712E-4666-B314-ED942533589D}.Debug|x86.ActiveCfg = Debug|Any CPU
		{0C6A7B21-712E-4666-B314-ED942533589D}.Debug|x86.Build.0 = Debug|Any CPU
		{0C6A7B21-712E-4666-B314-ED942533589D}.Internal|Any CPU.ActiveCfg = Internal|Any CPU
		{0C6A7B21-712E-4666-B314-ED942533589D}.Internal|Any CPU.Build.0 = Internal|Any CPU
		{0C6A7B21-712E-4666-B314-ED942533589D}.Internal|arm64.ActiveCfg = Internal|Any CPU
		{0C6A7B21-712E-4666-B314-ED942533589D}.Internal|arm64.Build.0 = Internal|Any CPU
		{0C6A7B21-712E-4666-B314-ED942533589D}.Internal|x86.ActiveCfg = Internal|Any CPU
		{0C6A7B21-712E-4666-B314-ED942533589D}.Internal|x86.Build.0 = Internal|Any CPU
		{0C6A7B21-712E-4666-B314-ED942533589D}.Release|Any CPU.ActiveCfg = Release|Any CPU
		{0C6A7B21-712E-4666-B314-ED942533589D}.Release|Any CPU.Build.0 = Release|Any CPU
		{0C6A7B21-712E-4666-B314-ED942533589D}.Release|arm64.ActiveCfg = Release|Any CPU
		{0C6A7B21-712E-4666-B314-ED942533589D}.Release|arm64.Build.0 = Release|Any CPU
		{0C6A7B21-712E-4666-B314-ED942533589D}.Release|x86.ActiveCfg = Release|Any CPU
		{0C6A7B21-712E-4666-B314-ED942533589D}.Release|x86.Build.0 = Release|Any CPU
		{F6D6664C-1E05-4DAC-8F4D-4CB8214D77C9}.Debug|Any CPU.ActiveCfg = Debug|Any CPU
		{F6D6664C-1E05-4DAC-8F4D-4CB8214D77C9}.Debug|Any CPU.Build.0 = Debug|Any CPU
		{F6D6664C-1E05-4DAC-8F4D-4CB8214D77C9}.Debug|arm64.ActiveCfg = Debug|Any CPU
		{F6D6664C-1E05-4DAC-8F4D-4CB8214D77C9}.Debug|arm64.Build.0 = Debug|Any CPU
		{F6D6664C-1E05-4DAC-8F4D-4CB8214D77C9}.Debug|x86.ActiveCfg = Debug|Any CPU
		{F6D6664C-1E05-4DAC-8F4D-4CB8214D77C9}.Debug|x86.Build.0 = Debug|Any CPU
		{F6D6664C-1E05-4DAC-8F4D-4CB8214D77C9}.Internal|Any CPU.ActiveCfg = Internal|Any CPU
		{F6D6664C-1E05-4DAC-8F4D-4CB8214D77C9}.Internal|Any CPU.Build.0 = Internal|Any CPU
		{F6D6664C-1E05-4DAC-8F4D-4CB8214D77C9}.Internal|arm64.ActiveCfg = Internal|Any CPU
		{F6D6664C-1E05-4DAC-8F4D-4CB8214D77C9}.Internal|arm64.Build.0 = Internal|Any CPU
		{F6D6664C-1E05-4DAC-8F4D-4CB8214D77C9}.Internal|x86.ActiveCfg = Internal|Any CPU
		{F6D6664C-1E05-4DAC-8F4D-4CB8214D77C9}.Internal|x86.Build.0 = Internal|Any CPU
		{F6D6664C-1E05-4DAC-8F4D-4CB8214D77C9}.Release|Any CPU.ActiveCfg = Release|Any CPU
		{F6D6664C-1E05-4DAC-8F4D-4CB8214D77C9}.Release|Any CPU.Build.0 = Release|Any CPU
		{F6D6664C-1E05-4DAC-8F4D-4CB8214D77C9}.Release|arm64.ActiveCfg = Release|Any CPU
		{F6D6664C-1E05-4DAC-8F4D-4CB8214D77C9}.Release|arm64.Build.0 = Release|Any CPU
		{F6D6664C-1E05-4DAC-8F4D-4CB8214D77C9}.Release|x86.ActiveCfg = Release|Any CPU
		{F6D6664C-1E05-4DAC-8F4D-4CB8214D77C9}.Release|x86.Build.0 = Release|Any CPU
		{39F89DE8-368F-40F0-A37B-9F861E2079F3}.Debug|Any CPU.ActiveCfg = Debug|Any CPU
		{39F89DE8-368F-40F0-A37B-9F861E2079F3}.Debug|Any CPU.Build.0 = Debug|Any CPU
		{39F89DE8-368F-40F0-A37B-9F861E2079F3}.Debug|arm64.ActiveCfg = Debug|Any CPU
		{39F89DE8-368F-40F0-A37B-9F861E2079F3}.Debug|arm64.Build.0 = Debug|Any CPU
		{39F89DE8-368F-40F0-A37B-9F861E2079F3}.Debug|x86.ActiveCfg = Debug|Any CPU
		{39F89DE8-368F-40F0-A37B-9F861E2079F3}.Debug|x86.Build.0 = Debug|Any CPU
		{39F89DE8-368F-40F0-A37B-9F861E2079F3}.Internal|Any CPU.ActiveCfg = Internal|Any CPU
		{39F89DE8-368F-40F0-A37B-9F861E2079F3}.Internal|Any CPU.Build.0 = Internal|Any CPU
		{39F89DE8-368F-40F0-A37B-9F861E2079F3}.Internal|arm64.ActiveCfg = Internal|Any CPU
		{39F89DE8-368F-40F0-A37B-9F861E2079F3}.Internal|arm64.Build.0 = Internal|Any CPU
		{39F89DE8-368F-40F0-A37B-9F861E2079F3}.Internal|x86.ActiveCfg = Internal|Any CPU
		{39F89DE8-368F-40F0-A37B-9F861E2079F3}.Internal|x86.Build.0 = Internal|Any CPU
		{39F89DE8-368F-40F0-A37B-9F861E2079F3}.Release|Any CPU.ActiveCfg = Release|Any CPU
		{39F89DE8-368F-40F0-A37B-9F861E2079F3}.Release|Any CPU.Build.0 = Release|Any CPU
		{39F89DE8-368F-40F0-A37B-9F861E2079F3}.Release|arm64.ActiveCfg = Release|Any CPU
		{39F89DE8-368F-40F0-A37B-9F861E2079F3}.Release|arm64.Build.0 = Release|Any CPU
		{39F89DE8-368F-40F0-A37B-9F861E2079F3}.Release|x86.ActiveCfg = Release|Any CPU
		{39F89DE8-368F-40F0-A37B-9F861E2079F3}.Release|x86.Build.0 = Release|Any CPU
		{C81003C1-FAE9-4E70-8CB5-FE703A879D63}.Debug|Any CPU.ActiveCfg = Debug|Any CPU
		{C81003C1-FAE9-4E70-8CB5-FE703A879D63}.Debug|Any CPU.Build.0 = Debug|Any CPU
		{C81003C1-FAE9-4E70-8CB5-FE703A879D63}.Debug|arm64.ActiveCfg = Debug|Any CPU
		{C81003C1-FAE9-4E70-8CB5-FE703A879D63}.Debug|arm64.Build.0 = Debug|Any CPU
		{C81003C1-FAE9-4E70-8CB5-FE703A879D63}.Debug|x86.ActiveCfg = Debug|Any CPU
		{C81003C1-FAE9-4E70-8CB5-FE703A879D63}.Debug|x86.Build.0 = Debug|Any CPU
		{C81003C1-FAE9-4E70-8CB5-FE703A879D63}.Internal|Any CPU.ActiveCfg = Internal|Any CPU
		{C81003C1-FAE9-4E70-8CB5-FE703A879D63}.Internal|arm64.ActiveCfg = Internal|Any CPU
		{C81003C1-FAE9-4E70-8CB5-FE703A879D63}.Internal|arm64.Build.0 = Internal|Any CPU
		{C81003C1-FAE9-4E70-8CB5-FE703A879D63}.Internal|x86.ActiveCfg = Internal|Any CPU
		{C81003C1-FAE9-4E70-8CB5-FE703A879D63}.Internal|x86.Build.0 = Internal|Any CPU
		{C81003C1-FAE9-4E70-8CB5-FE703A879D63}.Release|Any CPU.ActiveCfg = Release|Any CPU
		{C81003C1-FAE9-4E70-8CB5-FE703A879D63}.Release|Any CPU.Build.0 = Release|Any CPU
		{C81003C1-FAE9-4E70-8CB5-FE703A879D63}.Release|arm64.ActiveCfg = Release|Any CPU
		{C81003C1-FAE9-4E70-8CB5-FE703A879D63}.Release|arm64.Build.0 = Release|Any CPU
		{C81003C1-FAE9-4E70-8CB5-FE703A879D63}.Release|x86.ActiveCfg = Release|Any CPU
		{C81003C1-FAE9-4E70-8CB5-FE703A879D63}.Release|x86.Build.0 = Release|Any CPU
		{16029F92-4664-4A20-AC23-42321ACC4F9D}.Debug|Any CPU.ActiveCfg = Debug|Any CPU
		{16029F92-4664-4A20-AC23-42321ACC4F9D}.Debug|Any CPU.Build.0 = Debug|Any CPU
		{16029F92-4664-4A20-AC23-42321ACC4F9D}.Debug|arm64.ActiveCfg = Debug|Any CPU
		{16029F92-4664-4A20-AC23-42321ACC4F9D}.Debug|arm64.Build.0 = Debug|Any CPU
		{16029F92-4664-4A20-AC23-42321ACC4F9D}.Debug|x86.ActiveCfg = Debug|Any CPU
		{16029F92-4664-4A20-AC23-42321ACC4F9D}.Debug|x86.Build.0 = Debug|Any CPU
		{16029F92-4664-4A20-AC23-42321ACC4F9D}.Internal|Any CPU.ActiveCfg = Internal|Any CPU
		{16029F92-4664-4A20-AC23-42321ACC4F9D}.Internal|Any CPU.Build.0 = Internal|Any CPU
		{16029F92-4664-4A20-AC23-42321ACC4F9D}.Internal|arm64.ActiveCfg = Internal|Any CPU
		{16029F92-4664-4A20-AC23-42321ACC4F9D}.Internal|arm64.Build.0 = Internal|Any CPU
		{16029F92-4664-4A20-AC23-42321ACC4F9D}.Internal|x86.ActiveCfg = Internal|Any CPU
		{16029F92-4664-4A20-AC23-42321ACC4F9D}.Internal|x86.Build.0 = Internal|Any CPU
		{16029F92-4664-4A20-AC23-42321ACC4F9D}.Release|Any CPU.ActiveCfg = Release|Any CPU
		{16029F92-4664-4A20-AC23-42321ACC4F9D}.Release|Any CPU.Build.0 = Release|Any CPU
		{16029F92-4664-4A20-AC23-42321ACC4F9D}.Release|arm64.ActiveCfg = Release|Any CPU
		{16029F92-4664-4A20-AC23-42321ACC4F9D}.Release|arm64.Build.0 = Release|Any CPU
		{16029F92-4664-4A20-AC23-42321ACC4F9D}.Release|x86.ActiveCfg = Release|Any CPU
		{16029F92-4664-4A20-AC23-42321ACC4F9D}.Release|x86.Build.0 = Release|Any CPU
		{D4D8AECD-29B8-4DF2-9954-A2D79B564871}.Debug|Any CPU.ActiveCfg = Debug|Any CPU
		{D4D8AECD-29B8-4DF2-9954-A2D79B564871}.Debug|Any CPU.Build.0 = Debug|Any CPU
		{D4D8AECD-29B8-4DF2-9954-A2D79B564871}.Debug|arm64.ActiveCfg = Debug|Any CPU
		{D4D8AECD-29B8-4DF2-9954-A2D79B564871}.Debug|arm64.Build.0 = Debug|Any CPU
		{D4D8AECD-29B8-4DF2-9954-A2D79B564871}.Debug|x86.ActiveCfg = Debug|Any CPU
		{D4D8AECD-29B8-4DF2-9954-A2D79B564871}.Debug|x86.Build.0 = Debug|Any CPU
		{D4D8AECD-29B8-4DF2-9954-A2D79B564871}.Internal|Any CPU.ActiveCfg = Internal|Any CPU
		{D4D8AECD-29B8-4DF2-9954-A2D79B564871}.Internal|Any CPU.Build.0 = Internal|Any CPU
		{D4D8AECD-29B8-4DF2-9954-A2D79B564871}.Internal|arm64.ActiveCfg = Internal|Any CPU
		{D4D8AECD-29B8-4DF2-9954-A2D79B564871}.Internal|arm64.Build.0 = Internal|Any CPU
		{D4D8AECD-29B8-4DF2-9954-A2D79B564871}.Internal|x86.ActiveCfg = Internal|Any CPU
		{D4D8AECD-29B8-4DF2-9954-A2D79B564871}.Internal|x86.Build.0 = Internal|Any CPU
		{D4D8AECD-29B8-4DF2-9954-A2D79B564871}.Release|Any CPU.ActiveCfg = Release|Any CPU
		{D4D8AECD-29B8-4DF2-9954-A2D79B564871}.Release|Any CPU.Build.0 = Release|Any CPU
		{D4D8AECD-29B8-4DF2-9954-A2D79B564871}.Release|arm64.ActiveCfg = Release|Any CPU
		{D4D8AECD-29B8-4DF2-9954-A2D79B564871}.Release|arm64.Build.0 = Release|Any CPU
		{D4D8AECD-29B8-4DF2-9954-A2D79B564871}.Release|x86.ActiveCfg = Release|Any CPU
		{D4D8AECD-29B8-4DF2-9954-A2D79B564871}.Release|x86.Build.0 = Release|Any CPU
		{24F47342-916A-4B7C-8EFE-21E1A52B1760}.Debug|Any CPU.ActiveCfg = Debug|Any CPU
		{24F47342-916A-4B7C-8EFE-21E1A52B1760}.Debug|Any CPU.Build.0 = Debug|Any CPU
		{24F47342-916A-4B7C-8EFE-21E1A52B1760}.Debug|arm64.ActiveCfg = Debug|Any CPU
		{24F47342-916A-4B7C-8EFE-21E1A52B1760}.Debug|arm64.Build.0 = Debug|Any CPU
		{24F47342-916A-4B7C-8EFE-21E1A52B1760}.Debug|x86.ActiveCfg = Debug|Any CPU
		{24F47342-916A-4B7C-8EFE-21E1A52B1760}.Debug|x86.Build.0 = Debug|Any CPU
		{24F47342-916A-4B7C-8EFE-21E1A52B1760}.Internal|Any CPU.ActiveCfg = Internal|Any CPU
		{24F47342-916A-4B7C-8EFE-21E1A52B1760}.Internal|Any CPU.Build.0 = Internal|Any CPU
		{24F47342-916A-4B7C-8EFE-21E1A52B1760}.Internal|arm64.ActiveCfg = Internal|Any CPU
		{24F47342-916A-4B7C-8EFE-21E1A52B1760}.Internal|arm64.Build.0 = Internal|Any CPU
		{24F47342-916A-4B7C-8EFE-21E1A52B1760}.Internal|x86.ActiveCfg = Internal|Any CPU
		{24F47342-916A-4B7C-8EFE-21E1A52B1760}.Internal|x86.Build.0 = Internal|Any CPU
		{24F47342-916A-4B7C-8EFE-21E1A52B1760}.Release|Any CPU.ActiveCfg = Release|Any CPU
		{24F47342-916A-4B7C-8EFE-21E1A52B1760}.Release|Any CPU.Build.0 = Release|Any CPU
		{24F47342-916A-4B7C-8EFE-21E1A52B1760}.Release|arm64.ActiveCfg = Release|Any CPU
		{24F47342-916A-4B7C-8EFE-21E1A52B1760}.Release|arm64.Build.0 = Release|Any CPU
		{24F47342-916A-4B7C-8EFE-21E1A52B1760}.Release|x86.ActiveCfg = Release|Any CPU
		{24F47342-916A-4B7C-8EFE-21E1A52B1760}.Release|x86.Build.0 = Release|Any CPU
		{454F8ED0-84A1-4C67-8941-28B2BEE1B60E}.Debug|Any CPU.ActiveCfg = Debug|Any CPU
		{454F8ED0-84A1-4C67-8941-28B2BEE1B60E}.Debug|Any CPU.Build.0 = Debug|Any CPU
		{454F8ED0-84A1-4C67-8941-28B2BEE1B60E}.Debug|arm64.ActiveCfg = Debug|Any CPU
		{454F8ED0-84A1-4C67-8941-28B2BEE1B60E}.Debug|arm64.Build.0 = Debug|Any CPU
		{454F8ED0-84A1-4C67-8941-28B2BEE1B60E}.Debug|x86.ActiveCfg = Debug|Any CPU
		{454F8ED0-84A1-4C67-8941-28B2BEE1B60E}.Debug|x86.Build.0 = Debug|Any CPU
		{454F8ED0-84A1-4C67-8941-28B2BEE1B60E}.Internal|Any CPU.ActiveCfg = Internal|Any CPU
		{454F8ED0-84A1-4C67-8941-28B2BEE1B60E}.Internal|Any CPU.Build.0 = Internal|Any CPU
		{454F8ED0-84A1-4C67-8941-28B2BEE1B60E}.Internal|arm64.ActiveCfg = Internal|Any CPU
		{454F8ED0-84A1-4C67-8941-28B2BEE1B60E}.Internal|arm64.Build.0 = Internal|Any CPU
		{454F8ED0-84A1-4C67-8941-28B2BEE1B60E}.Internal|x86.ActiveCfg = Internal|Any CPU
		{454F8ED0-84A1-4C67-8941-28B2BEE1B60E}.Internal|x86.Build.0 = Internal|Any CPU
		{454F8ED0-84A1-4C67-8941-28B2BEE1B60E}.Release|Any CPU.ActiveCfg = Release|Any CPU
		{454F8ED0-84A1-4C67-8941-28B2BEE1B60E}.Release|Any CPU.Build.0 = Release|Any CPU
		{454F8ED0-84A1-4C67-8941-28B2BEE1B60E}.Release|arm64.ActiveCfg = Release|Any CPU
		{454F8ED0-84A1-4C67-8941-28B2BEE1B60E}.Release|arm64.Build.0 = Release|Any CPU
		{454F8ED0-84A1-4C67-8941-28B2BEE1B60E}.Release|x86.ActiveCfg = Release|Any CPU
		{454F8ED0-84A1-4C67-8941-28B2BEE1B60E}.Release|x86.Build.0 = Release|Any CPU
		{F98EAA1B-9D7C-400B-AF2C-7D93C928EB92}.Debug|Any CPU.ActiveCfg = Debug|Any CPU
		{F98EAA1B-9D7C-400B-AF2C-7D93C928EB92}.Debug|Any CPU.Build.0 = Debug|Any CPU
		{F98EAA1B-9D7C-400B-AF2C-7D93C928EB92}.Debug|arm64.ActiveCfg = Debug|Any CPU
		{F98EAA1B-9D7C-400B-AF2C-7D93C928EB92}.Debug|arm64.Build.0 = Debug|Any CPU
		{F98EAA1B-9D7C-400B-AF2C-7D93C928EB92}.Debug|x86.ActiveCfg = Debug|Any CPU
		{F98EAA1B-9D7C-400B-AF2C-7D93C928EB92}.Debug|x86.Build.0 = Debug|Any CPU
		{F98EAA1B-9D7C-400B-AF2C-7D93C928EB92}.Internal|Any CPU.ActiveCfg = Debug|Any CPU
		{F98EAA1B-9D7C-400B-AF2C-7D93C928EB92}.Internal|arm64.ActiveCfg = Release|Any CPU
		{F98EAA1B-9D7C-400B-AF2C-7D93C928EB92}.Internal|arm64.Build.0 = Release|Any CPU
		{F98EAA1B-9D7C-400B-AF2C-7D93C928EB92}.Internal|x86.ActiveCfg = Release|Any CPU
		{F98EAA1B-9D7C-400B-AF2C-7D93C928EB92}.Internal|x86.Build.0 = Release|Any CPU
		{F98EAA1B-9D7C-400B-AF2C-7D93C928EB92}.Release|Any CPU.ActiveCfg = Release|Any CPU
		{F98EAA1B-9D7C-400B-AF2C-7D93C928EB92}.Release|Any CPU.Build.0 = Release|Any CPU
		{F98EAA1B-9D7C-400B-AF2C-7D93C928EB92}.Release|arm64.ActiveCfg = Release|Any CPU
		{F98EAA1B-9D7C-400B-AF2C-7D93C928EB92}.Release|arm64.Build.0 = Release|Any CPU
		{F98EAA1B-9D7C-400B-AF2C-7D93C928EB92}.Release|x86.ActiveCfg = Release|Any CPU
		{F98EAA1B-9D7C-400B-AF2C-7D93C928EB92}.Release|x86.Build.0 = Release|Any CPU
		{2FFB3512-3F9C-45D6-9A7D-B023FDB6B87A}.Debug|Any CPU.ActiveCfg = Debug|Any CPU
		{2FFB3512-3F9C-45D6-9A7D-B023FDB6B87A}.Debug|Any CPU.Build.0 = Debug|Any CPU
		{2FFB3512-3F9C-45D6-9A7D-B023FDB6B87A}.Debug|arm64.ActiveCfg = Debug|Any CPU
		{2FFB3512-3F9C-45D6-9A7D-B023FDB6B87A}.Debug|arm64.Build.0 = Debug|Any CPU
		{2FFB3512-3F9C-45D6-9A7D-B023FDB6B87A}.Debug|x86.ActiveCfg = Debug|Any CPU
		{2FFB3512-3F9C-45D6-9A7D-B023FDB6B87A}.Debug|x86.Build.0 = Debug|Any CPU
		{2FFB3512-3F9C-45D6-9A7D-B023FDB6B87A}.Internal|Any CPU.ActiveCfg = Debug|Any CPU
		{2FFB3512-3F9C-45D6-9A7D-B023FDB6B87A}.Internal|arm64.ActiveCfg = Release|Any CPU
		{2FFB3512-3F9C-45D6-9A7D-B023FDB6B87A}.Internal|arm64.Build.0 = Release|Any CPU
		{2FFB3512-3F9C-45D6-9A7D-B023FDB6B87A}.Internal|x86.ActiveCfg = Release|Any CPU
		{2FFB3512-3F9C-45D6-9A7D-B023FDB6B87A}.Internal|x86.Build.0 = Release|Any CPU
		{2FFB3512-3F9C-45D6-9A7D-B023FDB6B87A}.Release|Any CPU.ActiveCfg = Release|Any CPU
		{2FFB3512-3F9C-45D6-9A7D-B023FDB6B87A}.Release|Any CPU.Build.0 = Release|Any CPU
		{2FFB3512-3F9C-45D6-9A7D-B023FDB6B87A}.Release|arm64.ActiveCfg = Release|Any CPU
		{2FFB3512-3F9C-45D6-9A7D-B023FDB6B87A}.Release|arm64.Build.0 = Release|Any CPU
		{2FFB3512-3F9C-45D6-9A7D-B023FDB6B87A}.Release|x86.ActiveCfg = Release|Any CPU
		{2FFB3512-3F9C-45D6-9A7D-B023FDB6B87A}.Release|x86.Build.0 = Release|Any CPU
		{F7E33577-D477-4C02-8443-B271E54C202B}.Debug|Any CPU.ActiveCfg = Debug|Any CPU
		{F7E33577-D477-4C02-8443-B271E54C202B}.Debug|Any CPU.Build.0 = Debug|Any CPU
		{F7E33577-D477-4C02-8443-B271E54C202B}.Debug|arm64.ActiveCfg = Debug|Any CPU
		{F7E33577-D477-4C02-8443-B271E54C202B}.Debug|arm64.Build.0 = Debug|Any CPU
		{F7E33577-D477-4C02-8443-B271E54C202B}.Debug|x86.ActiveCfg = Debug|Any CPU
		{F7E33577-D477-4C02-8443-B271E54C202B}.Debug|x86.Build.0 = Debug|Any CPU
		{F7E33577-D477-4C02-8443-B271E54C202B}.Internal|Any CPU.ActiveCfg = Debug|Any CPU
		{F7E33577-D477-4C02-8443-B271E54C202B}.Internal|arm64.ActiveCfg = Release|Any CPU
		{F7E33577-D477-4C02-8443-B271E54C202B}.Internal|arm64.Build.0 = Release|Any CPU
		{F7E33577-D477-4C02-8443-B271E54C202B}.Internal|x86.ActiveCfg = Release|Any CPU
		{F7E33577-D477-4C02-8443-B271E54C202B}.Internal|x86.Build.0 = Release|Any CPU
		{F7E33577-D477-4C02-8443-B271E54C202B}.Release|Any CPU.ActiveCfg = Release|Any CPU
		{F7E33577-D477-4C02-8443-B271E54C202B}.Release|Any CPU.Build.0 = Release|Any CPU
		{F7E33577-D477-4C02-8443-B271E54C202B}.Release|arm64.ActiveCfg = Release|Any CPU
		{F7E33577-D477-4C02-8443-B271E54C202B}.Release|arm64.Build.0 = Release|Any CPU
		{F7E33577-D477-4C02-8443-B271E54C202B}.Release|x86.ActiveCfg = Release|Any CPU
		{F7E33577-D477-4C02-8443-B271E54C202B}.Release|x86.Build.0 = Release|Any CPU
		{53A7F6D7-DC3B-41F2-9306-45D39E7FCA73}.Debug|Any CPU.ActiveCfg = Debug|Any CPU
		{53A7F6D7-DC3B-41F2-9306-45D39E7FCA73}.Debug|Any CPU.Build.0 = Debug|Any CPU
		{53A7F6D7-DC3B-41F2-9306-45D39E7FCA73}.Debug|arm64.ActiveCfg = Debug|Any CPU
		{53A7F6D7-DC3B-41F2-9306-45D39E7FCA73}.Debug|arm64.Build.0 = Debug|Any CPU
		{53A7F6D7-DC3B-41F2-9306-45D39E7FCA73}.Debug|x86.ActiveCfg = Debug|Any CPU
		{53A7F6D7-DC3B-41F2-9306-45D39E7FCA73}.Debug|x86.Build.0 = Debug|Any CPU
		{53A7F6D7-DC3B-41F2-9306-45D39E7FCA73}.Internal|Any CPU.ActiveCfg = Debug|Any CPU
		{53A7F6D7-DC3B-41F2-9306-45D39E7FCA73}.Internal|arm64.ActiveCfg = Release|Any CPU
		{53A7F6D7-DC3B-41F2-9306-45D39E7FCA73}.Internal|arm64.Build.0 = Release|Any CPU
		{53A7F6D7-DC3B-41F2-9306-45D39E7FCA73}.Internal|x86.ActiveCfg = Release|Any CPU
		{53A7F6D7-DC3B-41F2-9306-45D39E7FCA73}.Internal|x86.Build.0 = Release|Any CPU
		{53A7F6D7-DC3B-41F2-9306-45D39E7FCA73}.Release|Any CPU.ActiveCfg = Release|Any CPU
		{53A7F6D7-DC3B-41F2-9306-45D39E7FCA73}.Release|Any CPU.Build.0 = Release|Any CPU
		{53A7F6D7-DC3B-41F2-9306-45D39E7FCA73}.Release|arm64.ActiveCfg = Release|Any CPU
		{53A7F6D7-DC3B-41F2-9306-45D39E7FCA73}.Release|arm64.Build.0 = Release|Any CPU
		{53A7F6D7-DC3B-41F2-9306-45D39E7FCA73}.Release|x86.ActiveCfg = Release|Any CPU
		{53A7F6D7-DC3B-41F2-9306-45D39E7FCA73}.Release|x86.Build.0 = Release|Any CPU
		{433848A3-002F-4D34-8947-913325825C1B}.Debug|Any CPU.ActiveCfg = Debug|Any CPU
		{433848A3-002F-4D34-8947-913325825C1B}.Debug|Any CPU.Build.0 = Debug|Any CPU
		{433848A3-002F-4D34-8947-913325825C1B}.Debug|arm64.ActiveCfg = Debug|Any CPU
		{433848A3-002F-4D34-8947-913325825C1B}.Debug|arm64.Build.0 = Debug|Any CPU
		{433848A3-002F-4D34-8947-913325825C1B}.Debug|x86.ActiveCfg = Debug|Any CPU
		{433848A3-002F-4D34-8947-913325825C1B}.Debug|x86.Build.0 = Debug|Any CPU
		{433848A3-002F-4D34-8947-913325825C1B}.Internal|Any CPU.ActiveCfg = Debug|Any CPU
		{433848A3-002F-4D34-8947-913325825C1B}.Internal|arm64.ActiveCfg = Release|Any CPU
		{433848A3-002F-4D34-8947-913325825C1B}.Internal|arm64.Build.0 = Release|Any CPU
		{433848A3-002F-4D34-8947-913325825C1B}.Internal|x86.ActiveCfg = Release|Any CPU
		{433848A3-002F-4D34-8947-913325825C1B}.Internal|x86.Build.0 = Release|Any CPU
		{433848A3-002F-4D34-8947-913325825C1B}.Release|Any CPU.ActiveCfg = Release|Any CPU
		{433848A3-002F-4D34-8947-913325825C1B}.Release|Any CPU.Build.0 = Release|Any CPU
		{433848A3-002F-4D34-8947-913325825C1B}.Release|arm64.ActiveCfg = Release|Any CPU
		{433848A3-002F-4D34-8947-913325825C1B}.Release|arm64.Build.0 = Release|Any CPU
		{433848A3-002F-4D34-8947-913325825C1B}.Release|x86.ActiveCfg = Release|Any CPU
		{433848A3-002F-4D34-8947-913325825C1B}.Release|x86.Build.0 = Release|Any CPU
		{0448661F-AFD4-4EDC-9E3F-B6B8E702EA63}.Debug|Any CPU.ActiveCfg = Debug|Any CPU
		{0448661F-AFD4-4EDC-9E3F-B6B8E702EA63}.Debug|Any CPU.Build.0 = Debug|Any CPU
		{0448661F-AFD4-4EDC-9E3F-B6B8E702EA63}.Debug|arm64.ActiveCfg = Debug|Any CPU
		{0448661F-AFD4-4EDC-9E3F-B6B8E702EA63}.Debug|arm64.Build.0 = Debug|Any CPU
		{0448661F-AFD4-4EDC-9E3F-B6B8E702EA63}.Debug|x86.ActiveCfg = Debug|Any CPU
		{0448661F-AFD4-4EDC-9E3F-B6B8E702EA63}.Debug|x86.Build.0 = Debug|Any CPU
		{0448661F-AFD4-4EDC-9E3F-B6B8E702EA63}.Internal|Any CPU.ActiveCfg = Debug|Any CPU
		{0448661F-AFD4-4EDC-9E3F-B6B8E702EA63}.Internal|arm64.ActiveCfg = Release|Any CPU
		{0448661F-AFD4-4EDC-9E3F-B6B8E702EA63}.Internal|arm64.Build.0 = Release|Any CPU
		{0448661F-AFD4-4EDC-9E3F-B6B8E702EA63}.Internal|x86.ActiveCfg = Release|Any CPU
		{0448661F-AFD4-4EDC-9E3F-B6B8E702EA63}.Internal|x86.Build.0 = Release|Any CPU
		{0448661F-AFD4-4EDC-9E3F-B6B8E702EA63}.Release|Any CPU.ActiveCfg = Release|Any CPU
		{0448661F-AFD4-4EDC-9E3F-B6B8E702EA63}.Release|Any CPU.Build.0 = Release|Any CPU
		{0448661F-AFD4-4EDC-9E3F-B6B8E702EA63}.Release|arm64.ActiveCfg = Release|Any CPU
		{0448661F-AFD4-4EDC-9E3F-B6B8E702EA63}.Release|arm64.Build.0 = Release|Any CPU
		{0448661F-AFD4-4EDC-9E3F-B6B8E702EA63}.Release|x86.ActiveCfg = Release|Any CPU
		{0448661F-AFD4-4EDC-9E3F-B6B8E702EA63}.Release|x86.Build.0 = Release|Any CPU
		{4AE1E275-9750-43E6-8C55-A62ECC19C34D}.Debug|Any CPU.ActiveCfg = Debug|Any CPU
		{4AE1E275-9750-43E6-8C55-A62ECC19C34D}.Debug|Any CPU.Build.0 = Debug|Any CPU
		{4AE1E275-9750-43E6-8C55-A62ECC19C34D}.Debug|arm64.ActiveCfg = Debug|Any CPU
		{4AE1E275-9750-43E6-8C55-A62ECC19C34D}.Debug|arm64.Build.0 = Debug|Any CPU
		{4AE1E275-9750-43E6-8C55-A62ECC19C34D}.Debug|x86.ActiveCfg = Debug|Any CPU
		{4AE1E275-9750-43E6-8C55-A62ECC19C34D}.Debug|x86.Build.0 = Debug|Any CPU
		{4AE1E275-9750-43E6-8C55-A62ECC19C34D}.Internal|Any CPU.ActiveCfg = Debug|Any CPU
		{4AE1E275-9750-43E6-8C55-A62ECC19C34D}.Internal|arm64.ActiveCfg = Release|Any CPU
		{4AE1E275-9750-43E6-8C55-A62ECC19C34D}.Internal|arm64.Build.0 = Release|Any CPU
		{4AE1E275-9750-43E6-8C55-A62ECC19C34D}.Internal|x86.ActiveCfg = Release|Any CPU
		{4AE1E275-9750-43E6-8C55-A62ECC19C34D}.Internal|x86.Build.0 = Release|Any CPU
		{4AE1E275-9750-43E6-8C55-A62ECC19C34D}.Release|Any CPU.ActiveCfg = Release|Any CPU
		{4AE1E275-9750-43E6-8C55-A62ECC19C34D}.Release|Any CPU.Build.0 = Release|Any CPU
		{4AE1E275-9750-43E6-8C55-A62ECC19C34D}.Release|arm64.ActiveCfg = Release|Any CPU
		{4AE1E275-9750-43E6-8C55-A62ECC19C34D}.Release|arm64.Build.0 = Release|Any CPU
		{4AE1E275-9750-43E6-8C55-A62ECC19C34D}.Release|x86.ActiveCfg = Release|Any CPU
		{4AE1E275-9750-43E6-8C55-A62ECC19C34D}.Release|x86.Build.0 = Release|Any CPU
		{C63BCA5C-5798-43B8-A1C6-6228003B5DC2}.Debug|Any CPU.ActiveCfg = Debug|Any CPU
		{C63BCA5C-5798-43B8-A1C6-6228003B5DC2}.Debug|Any CPU.Build.0 = Debug|Any CPU
		{C63BCA5C-5798-43B8-A1C6-6228003B5DC2}.Debug|arm64.ActiveCfg = Debug|Any CPU
		{C63BCA5C-5798-43B8-A1C6-6228003B5DC2}.Debug|arm64.Build.0 = Debug|Any CPU
		{C63BCA5C-5798-43B8-A1C6-6228003B5DC2}.Debug|x86.ActiveCfg = Debug|Any CPU
		{C63BCA5C-5798-43B8-A1C6-6228003B5DC2}.Debug|x86.Build.0 = Debug|Any CPU
		{C63BCA5C-5798-43B8-A1C6-6228003B5DC2}.Internal|Any CPU.ActiveCfg = Debug|Any CPU
		{C63BCA5C-5798-43B8-A1C6-6228003B5DC2}.Internal|arm64.ActiveCfg = Release|Any CPU
		{C63BCA5C-5798-43B8-A1C6-6228003B5DC2}.Internal|arm64.Build.0 = Release|Any CPU
		{C63BCA5C-5798-43B8-A1C6-6228003B5DC2}.Internal|x86.ActiveCfg = Release|Any CPU
		{C63BCA5C-5798-43B8-A1C6-6228003B5DC2}.Internal|x86.Build.0 = Release|Any CPU
		{C63BCA5C-5798-43B8-A1C6-6228003B5DC2}.Release|Any CPU.ActiveCfg = Release|Any CPU
		{C63BCA5C-5798-43B8-A1C6-6228003B5DC2}.Release|Any CPU.Build.0 = Release|Any CPU
		{C63BCA5C-5798-43B8-A1C6-6228003B5DC2}.Release|arm64.ActiveCfg = Release|Any CPU
		{C63BCA5C-5798-43B8-A1C6-6228003B5DC2}.Release|arm64.Build.0 = Release|Any CPU
		{C63BCA5C-5798-43B8-A1C6-6228003B5DC2}.Release|x86.ActiveCfg = Release|Any CPU
		{C63BCA5C-5798-43B8-A1C6-6228003B5DC2}.Release|x86.Build.0 = Release|Any CPU
		{E8BF5DB8-64AB-4135-986A-F30E959710A1}.Debug|Any CPU.ActiveCfg = Debug|Any CPU
		{E8BF5DB8-64AB-4135-986A-F30E959710A1}.Debug|Any CPU.Build.0 = Debug|Any CPU
		{E8BF5DB8-64AB-4135-986A-F30E959710A1}.Debug|arm64.ActiveCfg = Debug|Any CPU
		{E8BF5DB8-64AB-4135-986A-F30E959710A1}.Debug|arm64.Build.0 = Debug|Any CPU
		{E8BF5DB8-64AB-4135-986A-F30E959710A1}.Debug|x86.ActiveCfg = Debug|Any CPU
		{E8BF5DB8-64AB-4135-986A-F30E959710A1}.Debug|x86.Build.0 = Debug|Any CPU
		{E8BF5DB8-64AB-4135-986A-F30E959710A1}.Internal|Any CPU.ActiveCfg = Debug|Any CPU
		{E8BF5DB8-64AB-4135-986A-F30E959710A1}.Internal|arm64.ActiveCfg = Release|Any CPU
		{E8BF5DB8-64AB-4135-986A-F30E959710A1}.Internal|arm64.Build.0 = Release|Any CPU
		{E8BF5DB8-64AB-4135-986A-F30E959710A1}.Internal|x86.ActiveCfg = Release|Any CPU
		{E8BF5DB8-64AB-4135-986A-F30E959710A1}.Internal|x86.Build.0 = Release|Any CPU
		{E8BF5DB8-64AB-4135-986A-F30E959710A1}.Release|Any CPU.ActiveCfg = Release|Any CPU
		{E8BF5DB8-64AB-4135-986A-F30E959710A1}.Release|Any CPU.Build.0 = Release|Any CPU
		{E8BF5DB8-64AB-4135-986A-F30E959710A1}.Release|arm64.ActiveCfg = Release|Any CPU
		{E8BF5DB8-64AB-4135-986A-F30E959710A1}.Release|arm64.Build.0 = Release|Any CPU
		{E8BF5DB8-64AB-4135-986A-F30E959710A1}.Release|x86.ActiveCfg = Release|Any CPU
		{E8BF5DB8-64AB-4135-986A-F30E959710A1}.Release|x86.Build.0 = Release|Any CPU
		{CD0D0860-1BCF-4299-BC61-8D496DB87AE7}.Debug|Any CPU.ActiveCfg = Debug|Any CPU
		{CD0D0860-1BCF-4299-BC61-8D496DB87AE7}.Debug|Any CPU.Build.0 = Debug|Any CPU
		{CD0D0860-1BCF-4299-BC61-8D496DB87AE7}.Debug|arm64.ActiveCfg = Debug|Any CPU
		{CD0D0860-1BCF-4299-BC61-8D496DB87AE7}.Debug|arm64.Build.0 = Debug|Any CPU
		{CD0D0860-1BCF-4299-BC61-8D496DB87AE7}.Debug|x86.ActiveCfg = Debug|Any CPU
		{CD0D0860-1BCF-4299-BC61-8D496DB87AE7}.Debug|x86.Build.0 = Debug|Any CPU
		{CD0D0860-1BCF-4299-BC61-8D496DB87AE7}.Internal|Any CPU.ActiveCfg = Debug|Any CPU
		{CD0D0860-1BCF-4299-BC61-8D496DB87AE7}.Internal|arm64.ActiveCfg = Release|Any CPU
		{CD0D0860-1BCF-4299-BC61-8D496DB87AE7}.Internal|arm64.Build.0 = Release|Any CPU
		{CD0D0860-1BCF-4299-BC61-8D496DB87AE7}.Internal|x86.ActiveCfg = Release|Any CPU
		{CD0D0860-1BCF-4299-BC61-8D496DB87AE7}.Internal|x86.Build.0 = Release|Any CPU
		{CD0D0860-1BCF-4299-BC61-8D496DB87AE7}.Release|Any CPU.ActiveCfg = Release|Any CPU
		{CD0D0860-1BCF-4299-BC61-8D496DB87AE7}.Release|Any CPU.Build.0 = Release|Any CPU
		{CD0D0860-1BCF-4299-BC61-8D496DB87AE7}.Release|arm64.ActiveCfg = Release|Any CPU
		{CD0D0860-1BCF-4299-BC61-8D496DB87AE7}.Release|arm64.Build.0 = Release|Any CPU
		{CD0D0860-1BCF-4299-BC61-8D496DB87AE7}.Release|x86.ActiveCfg = Release|Any CPU
		{CD0D0860-1BCF-4299-BC61-8D496DB87AE7}.Release|x86.Build.0 = Release|Any CPU
		{769A9651-819F-46E2-BA86-8F4CE897717D}.Debug|Any CPU.ActiveCfg = Debug|Any CPU
		{769A9651-819F-46E2-BA86-8F4CE897717D}.Debug|Any CPU.Build.0 = Debug|Any CPU
		{769A9651-819F-46E2-BA86-8F4CE897717D}.Debug|arm64.ActiveCfg = Debug|Any CPU
		{769A9651-819F-46E2-BA86-8F4CE897717D}.Debug|arm64.Build.0 = Debug|Any CPU
		{769A9651-819F-46E2-BA86-8F4CE897717D}.Debug|x86.ActiveCfg = Debug|Any CPU
		{769A9651-819F-46E2-BA86-8F4CE897717D}.Debug|x86.Build.0 = Debug|Any CPU
		{769A9651-819F-46E2-BA86-8F4CE897717D}.Internal|Any CPU.ActiveCfg = Internal|Any CPU
		{769A9651-819F-46E2-BA86-8F4CE897717D}.Internal|Any CPU.Build.0 = Internal|Any CPU
		{769A9651-819F-46E2-BA86-8F4CE897717D}.Internal|arm64.ActiveCfg = Internal|Any CPU
		{769A9651-819F-46E2-BA86-8F4CE897717D}.Internal|arm64.Build.0 = Internal|Any CPU
		{769A9651-819F-46E2-BA86-8F4CE897717D}.Internal|x86.ActiveCfg = Internal|Any CPU
		{769A9651-819F-46E2-BA86-8F4CE897717D}.Internal|x86.Build.0 = Internal|Any CPU
		{769A9651-819F-46E2-BA86-8F4CE897717D}.Release|Any CPU.ActiveCfg = Release|Any CPU
		{769A9651-819F-46E2-BA86-8F4CE897717D}.Release|Any CPU.Build.0 = Release|Any CPU
		{769A9651-819F-46E2-BA86-8F4CE897717D}.Release|arm64.ActiveCfg = Release|Any CPU
		{769A9651-819F-46E2-BA86-8F4CE897717D}.Release|arm64.Build.0 = Release|Any CPU
		{769A9651-819F-46E2-BA86-8F4CE897717D}.Release|x86.ActiveCfg = Release|Any CPU
		{769A9651-819F-46E2-BA86-8F4CE897717D}.Release|x86.Build.0 = Release|Any CPU
		{0D2E4947-8422-432B-BCA8-7CBF38C6858A}.Debug|Any CPU.ActiveCfg = Debug|Any CPU
		{0D2E4947-8422-432B-BCA8-7CBF38C6858A}.Debug|Any CPU.Build.0 = Debug|Any CPU
		{0D2E4947-8422-432B-BCA8-7CBF38C6858A}.Debug|arm64.ActiveCfg = Debug|Any CPU
		{0D2E4947-8422-432B-BCA8-7CBF38C6858A}.Debug|arm64.Build.0 = Debug|Any CPU
		{0D2E4947-8422-432B-BCA8-7CBF38C6858A}.Debug|x86.ActiveCfg = Debug|x86
		{0D2E4947-8422-432B-BCA8-7CBF38C6858A}.Debug|x86.Build.0 = Debug|x86
		{0D2E4947-8422-432B-BCA8-7CBF38C6858A}.Internal|Any CPU.ActiveCfg = Internal|Any CPU
		{0D2E4947-8422-432B-BCA8-7CBF38C6858A}.Internal|Any CPU.Build.0 = Internal|Any CPU
		{0D2E4947-8422-432B-BCA8-7CBF38C6858A}.Internal|arm64.ActiveCfg = Internal|Any CPU
		{0D2E4947-8422-432B-BCA8-7CBF38C6858A}.Internal|arm64.Build.0 = Internal|Any CPU
		{0D2E4947-8422-432B-BCA8-7CBF38C6858A}.Internal|x86.ActiveCfg = Internal|x86
		{0D2E4947-8422-432B-BCA8-7CBF38C6858A}.Internal|x86.Build.0 = Internal|x86
		{0D2E4947-8422-432B-BCA8-7CBF38C6858A}.Release|Any CPU.ActiveCfg = Release|Any CPU
		{0D2E4947-8422-432B-BCA8-7CBF38C6858A}.Release|Any CPU.Build.0 = Release|Any CPU
		{0D2E4947-8422-432B-BCA8-7CBF38C6858A}.Release|arm64.ActiveCfg = Release|Any CPU
		{0D2E4947-8422-432B-BCA8-7CBF38C6858A}.Release|arm64.Build.0 = Release|Any CPU
		{0D2E4947-8422-432B-BCA8-7CBF38C6858A}.Release|x86.ActiveCfg = Release|x86
		{0D2E4947-8422-432B-BCA8-7CBF38C6858A}.Release|x86.Build.0 = Release|x86
		{C03CBD66-F4AA-48E2-A861-6ECDEA27C1E8}.Debug|Any CPU.ActiveCfg = Debug|Any CPU
		{C03CBD66-F4AA-48E2-A861-6ECDEA27C1E8}.Debug|Any CPU.Build.0 = Debug|Any CPU
		{C03CBD66-F4AA-48E2-A861-6ECDEA27C1E8}.Debug|arm64.ActiveCfg = Debug|Any CPU
		{C03CBD66-F4AA-48E2-A861-6ECDEA27C1E8}.Debug|arm64.Build.0 = Debug|Any CPU
		{C03CBD66-F4AA-48E2-A861-6ECDEA27C1E8}.Debug|x86.ActiveCfg = Debug|Any CPU
		{C03CBD66-F4AA-48E2-A861-6ECDEA27C1E8}.Debug|x86.Build.0 = Debug|Any CPU
		{C03CBD66-F4AA-48E2-A861-6ECDEA27C1E8}.Internal|Any CPU.ActiveCfg = Internal|Any CPU
		{C03CBD66-F4AA-48E2-A861-6ECDEA27C1E8}.Internal|Any CPU.Build.0 = Internal|Any CPU
		{C03CBD66-F4AA-48E2-A861-6ECDEA27C1E8}.Internal|arm64.ActiveCfg = Internal|Any CPU
		{C03CBD66-F4AA-48E2-A861-6ECDEA27C1E8}.Internal|arm64.Build.0 = Internal|Any CPU
		{C03CBD66-F4AA-48E2-A861-6ECDEA27C1E8}.Internal|x86.ActiveCfg = Internal|Any CPU
		{C03CBD66-F4AA-48E2-A861-6ECDEA27C1E8}.Internal|x86.Build.0 = Internal|Any CPU
		{C03CBD66-F4AA-48E2-A861-6ECDEA27C1E8}.Release|Any CPU.ActiveCfg = Release|Any CPU
		{C03CBD66-F4AA-48E2-A861-6ECDEA27C1E8}.Release|Any CPU.Build.0 = Release|Any CPU
		{C03CBD66-F4AA-48E2-A861-6ECDEA27C1E8}.Release|arm64.ActiveCfg = Release|Any CPU
		{C03CBD66-F4AA-48E2-A861-6ECDEA27C1E8}.Release|arm64.Build.0 = Release|Any CPU
		{C03CBD66-F4AA-48E2-A861-6ECDEA27C1E8}.Release|x86.ActiveCfg = Release|Any CPU
		{C03CBD66-F4AA-48E2-A861-6ECDEA27C1E8}.Release|x86.Build.0 = Release|Any CPU
		{732814E0-7923-46E3-82E6-F02D050E9850}.Debug|Any CPU.ActiveCfg = Debug|Any CPU
		{732814E0-7923-46E3-82E6-F02D050E9850}.Debug|Any CPU.Build.0 = Debug|Any CPU
		{732814E0-7923-46E3-82E6-F02D050E9850}.Debug|arm64.ActiveCfg = Debug|Any CPU
		{732814E0-7923-46E3-82E6-F02D050E9850}.Debug|arm64.Build.0 = Debug|Any CPU
		{732814E0-7923-46E3-82E6-F02D050E9850}.Debug|x86.ActiveCfg = Debug|Any CPU
		{732814E0-7923-46E3-82E6-F02D050E9850}.Debug|x86.Build.0 = Debug|Any CPU
		{732814E0-7923-46E3-82E6-F02D050E9850}.Internal|Any CPU.ActiveCfg = Debug|Any CPU
		{732814E0-7923-46E3-82E6-F02D050E9850}.Internal|arm64.ActiveCfg = Release|Any CPU
		{732814E0-7923-46E3-82E6-F02D050E9850}.Internal|arm64.Build.0 = Release|Any CPU
		{732814E0-7923-46E3-82E6-F02D050E9850}.Internal|x86.ActiveCfg = Debug|Any CPU
		{732814E0-7923-46E3-82E6-F02D050E9850}.Internal|x86.Build.0 = Debug|Any CPU
		{732814E0-7923-46E3-82E6-F02D050E9850}.Release|Any CPU.ActiveCfg = Release|Any CPU
		{732814E0-7923-46E3-82E6-F02D050E9850}.Release|Any CPU.Build.0 = Release|Any CPU
		{732814E0-7923-46E3-82E6-F02D050E9850}.Release|arm64.ActiveCfg = Release|Any CPU
		{732814E0-7923-46E3-82E6-F02D050E9850}.Release|arm64.Build.0 = Release|Any CPU
		{732814E0-7923-46E3-82E6-F02D050E9850}.Release|x86.ActiveCfg = Release|Any CPU
		{732814E0-7923-46E3-82E6-F02D050E9850}.Release|x86.Build.0 = Release|Any CPU
		{C29587AB-2341-43BF-B27F-C5A5DCED3C81}.Debug|Any CPU.ActiveCfg = Debug|Any CPU
		{C29587AB-2341-43BF-B27F-C5A5DCED3C81}.Debug|Any CPU.Build.0 = Debug|Any CPU
		{C29587AB-2341-43BF-B27F-C5A5DCED3C81}.Debug|arm64.ActiveCfg = Debug|Any CPU
		{C29587AB-2341-43BF-B27F-C5A5DCED3C81}.Debug|arm64.Build.0 = Debug|Any CPU
		{C29587AB-2341-43BF-B27F-C5A5DCED3C81}.Debug|x86.ActiveCfg = Debug|Any CPU
		{C29587AB-2341-43BF-B27F-C5A5DCED3C81}.Debug|x86.Build.0 = Debug|Any CPU
		{C29587AB-2341-43BF-B27F-C5A5DCED3C81}.Internal|Any CPU.ActiveCfg = Internal|Any CPU
		{C29587AB-2341-43BF-B27F-C5A5DCED3C81}.Internal|Any CPU.Build.0 = Internal|Any CPU
		{C29587AB-2341-43BF-B27F-C5A5DCED3C81}.Internal|arm64.ActiveCfg = Internal|Any CPU
		{C29587AB-2341-43BF-B27F-C5A5DCED3C81}.Internal|arm64.Build.0 = Internal|Any CPU
		{C29587AB-2341-43BF-B27F-C5A5DCED3C81}.Internal|x86.ActiveCfg = Debug|Any CPU
		{C29587AB-2341-43BF-B27F-C5A5DCED3C81}.Internal|x86.Build.0 = Debug|Any CPU
		{C29587AB-2341-43BF-B27F-C5A5DCED3C81}.Release|Any CPU.ActiveCfg = Release|Any CPU
		{C29587AB-2341-43BF-B27F-C5A5DCED3C81}.Release|Any CPU.Build.0 = Release|Any CPU
		{C29587AB-2341-43BF-B27F-C5A5DCED3C81}.Release|arm64.ActiveCfg = Release|Any CPU
		{C29587AB-2341-43BF-B27F-C5A5DCED3C81}.Release|arm64.Build.0 = Release|Any CPU
		{C29587AB-2341-43BF-B27F-C5A5DCED3C81}.Release|x86.ActiveCfg = Release|Any CPU
		{C29587AB-2341-43BF-B27F-C5A5DCED3C81}.Release|x86.Build.0 = Release|Any CPU
		{4C1D93AC-BFEA-4E7F-851C-8ACB7651F101}.Debug|Any CPU.ActiveCfg = Debug|Any CPU
		{4C1D93AC-BFEA-4E7F-851C-8ACB7651F101}.Debug|Any CPU.Build.0 = Debug|Any CPU
		{4C1D93AC-BFEA-4E7F-851C-8ACB7651F101}.Debug|arm64.ActiveCfg = Debug|Any CPU
		{4C1D93AC-BFEA-4E7F-851C-8ACB7651F101}.Debug|arm64.Build.0 = Debug|Any CPU
		{4C1D93AC-BFEA-4E7F-851C-8ACB7651F101}.Debug|x86.ActiveCfg = Debug|Any CPU
		{4C1D93AC-BFEA-4E7F-851C-8ACB7651F101}.Debug|x86.Build.0 = Debug|Any CPU
		{4C1D93AC-BFEA-4E7F-851C-8ACB7651F101}.Internal|Any CPU.ActiveCfg = Debug|Any CPU
		{4C1D93AC-BFEA-4E7F-851C-8ACB7651F101}.Internal|arm64.ActiveCfg = Release|Any CPU
		{4C1D93AC-BFEA-4E7F-851C-8ACB7651F101}.Internal|arm64.Build.0 = Release|Any CPU
		{4C1D93AC-BFEA-4E7F-851C-8ACB7651F101}.Internal|x86.ActiveCfg = Debug|Any CPU
		{4C1D93AC-BFEA-4E7F-851C-8ACB7651F101}.Internal|x86.Build.0 = Debug|Any CPU
		{4C1D93AC-BFEA-4E7F-851C-8ACB7651F101}.Release|Any CPU.ActiveCfg = Release|Any CPU
		{4C1D93AC-BFEA-4E7F-851C-8ACB7651F101}.Release|Any CPU.Build.0 = Release|Any CPU
		{4C1D93AC-BFEA-4E7F-851C-8ACB7651F101}.Release|arm64.ActiveCfg = Release|Any CPU
		{4C1D93AC-BFEA-4E7F-851C-8ACB7651F101}.Release|arm64.Build.0 = Release|Any CPU
		{4C1D93AC-BFEA-4E7F-851C-8ACB7651F101}.Release|x86.ActiveCfg = Release|Any CPU
		{4C1D93AC-BFEA-4E7F-851C-8ACB7651F101}.Release|x86.Build.0 = Release|Any CPU
		{4A56E996-0B62-4687-83A2-E45DC288CBE7}.Debug|Any CPU.ActiveCfg = Debug|Any CPU
		{4A56E996-0B62-4687-83A2-E45DC288CBE7}.Debug|Any CPU.Build.0 = Debug|Any CPU
		{4A56E996-0B62-4687-83A2-E45DC288CBE7}.Debug|arm64.ActiveCfg = Debug|Any CPU
		{4A56E996-0B62-4687-83A2-E45DC288CBE7}.Debug|arm64.Build.0 = Debug|Any CPU
		{4A56E996-0B62-4687-83A2-E45DC288CBE7}.Debug|x86.ActiveCfg = Debug|Any CPU
		{4A56E996-0B62-4687-83A2-E45DC288CBE7}.Debug|x86.Build.0 = Debug|Any CPU
		{4A56E996-0B62-4687-83A2-E45DC288CBE7}.Internal|Any CPU.ActiveCfg = Debug|Any CPU
		{4A56E996-0B62-4687-83A2-E45DC288CBE7}.Internal|arm64.ActiveCfg = Release|Any CPU
		{4A56E996-0B62-4687-83A2-E45DC288CBE7}.Internal|arm64.Build.0 = Release|Any CPU
		{4A56E996-0B62-4687-83A2-E45DC288CBE7}.Internal|x86.ActiveCfg = Debug|Any CPU
		{4A56E996-0B62-4687-83A2-E45DC288CBE7}.Internal|x86.Build.0 = Debug|Any CPU
		{4A56E996-0B62-4687-83A2-E45DC288CBE7}.Release|Any CPU.ActiveCfg = Release|Any CPU
		{4A56E996-0B62-4687-83A2-E45DC288CBE7}.Release|Any CPU.Build.0 = Release|Any CPU
		{4A56E996-0B62-4687-83A2-E45DC288CBE7}.Release|arm64.ActiveCfg = Release|Any CPU
		{4A56E996-0B62-4687-83A2-E45DC288CBE7}.Release|arm64.Build.0 = Release|Any CPU
		{4A56E996-0B62-4687-83A2-E45DC288CBE7}.Release|x86.ActiveCfg = Release|Any CPU
		{4A56E996-0B62-4687-83A2-E45DC288CBE7}.Release|x86.Build.0 = Release|Any CPU
		{11F65F65-A17B-484F-A888-E9759D3333D5}.Debug|Any CPU.ActiveCfg = Debug|Any CPU
		{11F65F65-A17B-484F-A888-E9759D3333D5}.Debug|Any CPU.Build.0 = Debug|Any CPU
		{11F65F65-A17B-484F-A888-E9759D3333D5}.Debug|arm64.ActiveCfg = Debug|Any CPU
		{11F65F65-A17B-484F-A888-E9759D3333D5}.Debug|arm64.Build.0 = Debug|Any CPU
		{11F65F65-A17B-484F-A888-E9759D3333D5}.Debug|x86.ActiveCfg = Debug|Any CPU
		{11F65F65-A17B-484F-A888-E9759D3333D5}.Debug|x86.Build.0 = Debug|Any CPU
		{11F65F65-A17B-484F-A888-E9759D3333D5}.Internal|Any CPU.ActiveCfg = Internal|Any CPU
		{11F65F65-A17B-484F-A888-E9759D3333D5}.Internal|Any CPU.Build.0 = Internal|Any CPU
		{11F65F65-A17B-484F-A888-E9759D3333D5}.Internal|arm64.ActiveCfg = Internal|Any CPU
		{11F65F65-A17B-484F-A888-E9759D3333D5}.Internal|arm64.Build.0 = Internal|Any CPU
		{11F65F65-A17B-484F-A888-E9759D3333D5}.Internal|x86.ActiveCfg = Debug|Any CPU
		{11F65F65-A17B-484F-A888-E9759D3333D5}.Internal|x86.Build.0 = Debug|Any CPU
		{11F65F65-A17B-484F-A888-E9759D3333D5}.Release|Any CPU.ActiveCfg = Release|Any CPU
		{11F65F65-A17B-484F-A888-E9759D3333D5}.Release|Any CPU.Build.0 = Release|Any CPU
		{11F65F65-A17B-484F-A888-E9759D3333D5}.Release|arm64.ActiveCfg = Release|Any CPU
		{11F65F65-A17B-484F-A888-E9759D3333D5}.Release|arm64.Build.0 = Release|Any CPU
		{11F65F65-A17B-484F-A888-E9759D3333D5}.Release|x86.ActiveCfg = Release|Any CPU
		{11F65F65-A17B-484F-A888-E9759D3333D5}.Release|x86.Build.0 = Release|Any CPU
		{1B678B26-1B6C-40E1-BB82-F2A60A7FC320}.Debug|Any CPU.ActiveCfg = Debug|Any CPU
		{1B678B26-1B6C-40E1-BB82-F2A60A7FC320}.Debug|Any CPU.Build.0 = Debug|Any CPU
		{1B678B26-1B6C-40E1-BB82-F2A60A7FC320}.Debug|arm64.ActiveCfg = Debug|Any CPU
		{1B678B26-1B6C-40E1-BB82-F2A60A7FC320}.Debug|arm64.Build.0 = Debug|Any CPU
		{1B678B26-1B6C-40E1-BB82-F2A60A7FC320}.Debug|x86.ActiveCfg = Debug|Any CPU
		{1B678B26-1B6C-40E1-BB82-F2A60A7FC320}.Debug|x86.Build.0 = Debug|Any CPU
		{1B678B26-1B6C-40E1-BB82-F2A60A7FC320}.Internal|Any CPU.ActiveCfg = Debug|Any CPU
		{1B678B26-1B6C-40E1-BB82-F2A60A7FC320}.Internal|arm64.ActiveCfg = Release|Any CPU
		{1B678B26-1B6C-40E1-BB82-F2A60A7FC320}.Internal|arm64.Build.0 = Release|Any CPU
		{1B678B26-1B6C-40E1-BB82-F2A60A7FC320}.Internal|x86.ActiveCfg = Debug|Any CPU
		{1B678B26-1B6C-40E1-BB82-F2A60A7FC320}.Internal|x86.Build.0 = Debug|Any CPU
		{1B678B26-1B6C-40E1-BB82-F2A60A7FC320}.Release|Any CPU.ActiveCfg = Release|Any CPU
		{1B678B26-1B6C-40E1-BB82-F2A60A7FC320}.Release|Any CPU.Build.0 = Release|Any CPU
		{1B678B26-1B6C-40E1-BB82-F2A60A7FC320}.Release|arm64.ActiveCfg = Release|Any CPU
		{1B678B26-1B6C-40E1-BB82-F2A60A7FC320}.Release|arm64.Build.0 = Release|Any CPU
		{1B678B26-1B6C-40E1-BB82-F2A60A7FC320}.Release|x86.ActiveCfg = Release|Any CPU
		{1B678B26-1B6C-40E1-BB82-F2A60A7FC320}.Release|x86.Build.0 = Release|Any CPU
		{3F891611-CEF4-4A1B-AB78-6B5DBEF8A774}.Debug|Any CPU.ActiveCfg = Debug|Any CPU
		{3F891611-CEF4-4A1B-AB78-6B5DBEF8A774}.Debug|Any CPU.Build.0 = Debug|Any CPU
		{3F891611-CEF4-4A1B-AB78-6B5DBEF8A774}.Debug|arm64.ActiveCfg = Debug|Any CPU
		{3F891611-CEF4-4A1B-AB78-6B5DBEF8A774}.Debug|arm64.Build.0 = Debug|Any CPU
		{3F891611-CEF4-4A1B-AB78-6B5DBEF8A774}.Debug|x86.ActiveCfg = Debug|Any CPU
		{3F891611-CEF4-4A1B-AB78-6B5DBEF8A774}.Debug|x86.Build.0 = Debug|Any CPU
		{3F891611-CEF4-4A1B-AB78-6B5DBEF8A774}.Internal|Any CPU.ActiveCfg = Internal|Any CPU
		{3F891611-CEF4-4A1B-AB78-6B5DBEF8A774}.Internal|Any CPU.Build.0 = Internal|Any CPU
		{3F891611-CEF4-4A1B-AB78-6B5DBEF8A774}.Internal|arm64.ActiveCfg = Internal|Any CPU
		{3F891611-CEF4-4A1B-AB78-6B5DBEF8A774}.Internal|arm64.Build.0 = Internal|Any CPU
		{3F891611-CEF4-4A1B-AB78-6B5DBEF8A774}.Internal|x86.ActiveCfg = Debug|Any CPU
		{3F891611-CEF4-4A1B-AB78-6B5DBEF8A774}.Internal|x86.Build.0 = Debug|Any CPU
		{3F891611-CEF4-4A1B-AB78-6B5DBEF8A774}.Release|Any CPU.ActiveCfg = Release|Any CPU
		{3F891611-CEF4-4A1B-AB78-6B5DBEF8A774}.Release|Any CPU.Build.0 = Release|Any CPU
		{3F891611-CEF4-4A1B-AB78-6B5DBEF8A774}.Release|arm64.ActiveCfg = Release|Any CPU
		{3F891611-CEF4-4A1B-AB78-6B5DBEF8A774}.Release|arm64.Build.0 = Release|Any CPU
		{3F891611-CEF4-4A1B-AB78-6B5DBEF8A774}.Release|x86.ActiveCfg = Release|Any CPU
		{3F891611-CEF4-4A1B-AB78-6B5DBEF8A774}.Release|x86.Build.0 = Release|Any CPU
		{0D92F018-E751-4C5A-86FE-2F9679AA6D17}.Debug|Any CPU.ActiveCfg = Debug|Any CPU
		{0D92F018-E751-4C5A-86FE-2F9679AA6D17}.Debug|Any CPU.Build.0 = Debug|Any CPU
		{0D92F018-E751-4C5A-86FE-2F9679AA6D17}.Debug|arm64.ActiveCfg = Debug|Any CPU
		{0D92F018-E751-4C5A-86FE-2F9679AA6D17}.Debug|arm64.Build.0 = Debug|Any CPU
		{0D92F018-E751-4C5A-86FE-2F9679AA6D17}.Debug|x86.ActiveCfg = Debug|Any CPU
		{0D92F018-E751-4C5A-86FE-2F9679AA6D17}.Debug|x86.Build.0 = Debug|Any CPU
		{0D92F018-E751-4C5A-86FE-2F9679AA6D17}.Internal|Any CPU.ActiveCfg = Internal|Any CPU
		{0D92F018-E751-4C5A-86FE-2F9679AA6D17}.Internal|Any CPU.Build.0 = Internal|Any CPU
		{0D92F018-E751-4C5A-86FE-2F9679AA6D17}.Internal|arm64.ActiveCfg = Internal|Any CPU
		{0D92F018-E751-4C5A-86FE-2F9679AA6D17}.Internal|arm64.Build.0 = Internal|Any CPU
		{0D92F018-E751-4C5A-86FE-2F9679AA6D17}.Internal|x86.ActiveCfg = Debug|Any CPU
		{0D92F018-E751-4C5A-86FE-2F9679AA6D17}.Internal|x86.Build.0 = Debug|Any CPU
		{0D92F018-E751-4C5A-86FE-2F9679AA6D17}.Release|Any CPU.ActiveCfg = Release|Any CPU
		{0D92F018-E751-4C5A-86FE-2F9679AA6D17}.Release|Any CPU.Build.0 = Release|Any CPU
		{0D92F018-E751-4C5A-86FE-2F9679AA6D17}.Release|arm64.ActiveCfg = Release|Any CPU
		{0D92F018-E751-4C5A-86FE-2F9679AA6D17}.Release|arm64.Build.0 = Release|Any CPU
		{0D92F018-E751-4C5A-86FE-2F9679AA6D17}.Release|x86.ActiveCfg = Release|Any CPU
		{0D92F018-E751-4C5A-86FE-2F9679AA6D17}.Release|x86.Build.0 = Release|Any CPU
		{7097B0A7-94BF-40AD-A3DA-9FFCBB162CD6}.Debug|Any CPU.ActiveCfg = Debug|Any CPU
		{7097B0A7-94BF-40AD-A3DA-9FFCBB162CD6}.Debug|Any CPU.Build.0 = Debug|Any CPU
		{7097B0A7-94BF-40AD-A3DA-9FFCBB162CD6}.Debug|arm64.ActiveCfg = Debug|Any CPU
		{7097B0A7-94BF-40AD-A3DA-9FFCBB162CD6}.Debug|arm64.Build.0 = Debug|Any CPU
		{7097B0A7-94BF-40AD-A3DA-9FFCBB162CD6}.Debug|x86.ActiveCfg = Debug|Any CPU
		{7097B0A7-94BF-40AD-A3DA-9FFCBB162CD6}.Debug|x86.Build.0 = Debug|Any CPU
		{7097B0A7-94BF-40AD-A3DA-9FFCBB162CD6}.Internal|Any CPU.ActiveCfg = Debug|Any CPU
		{7097B0A7-94BF-40AD-A3DA-9FFCBB162CD6}.Internal|arm64.ActiveCfg = Internal|Any CPU
		{7097B0A7-94BF-40AD-A3DA-9FFCBB162CD6}.Internal|arm64.Build.0 = Internal|Any CPU
		{7097B0A7-94BF-40AD-A3DA-9FFCBB162CD6}.Internal|x86.ActiveCfg = Internal|Any CPU
		{7097B0A7-94BF-40AD-A3DA-9FFCBB162CD6}.Internal|x86.Build.0 = Internal|Any CPU
		{7097B0A7-94BF-40AD-A3DA-9FFCBB162CD6}.Release|Any CPU.ActiveCfg = Release|Any CPU
		{7097B0A7-94BF-40AD-A3DA-9FFCBB162CD6}.Release|Any CPU.Build.0 = Release|Any CPU
		{7097B0A7-94BF-40AD-A3DA-9FFCBB162CD6}.Release|arm64.ActiveCfg = Release|Any CPU
		{7097B0A7-94BF-40AD-A3DA-9FFCBB162CD6}.Release|arm64.Build.0 = Release|Any CPU
		{7097B0A7-94BF-40AD-A3DA-9FFCBB162CD6}.Release|x86.ActiveCfg = Release|Any CPU
		{7097B0A7-94BF-40AD-A3DA-9FFCBB162CD6}.Release|x86.Build.0 = Release|Any CPU
		{37BFD8F6-16BD-417E-814E-82484D49559A}.Debug|Any CPU.ActiveCfg = Debug|Any CPU
		{37BFD8F6-16BD-417E-814E-82484D49559A}.Debug|Any CPU.Build.0 = Debug|Any CPU
		{37BFD8F6-16BD-417E-814E-82484D49559A}.Debug|arm64.ActiveCfg = Debug|Any CPU
		{37BFD8F6-16BD-417E-814E-82484D49559A}.Debug|arm64.Build.0 = Debug|Any CPU
		{37BFD8F6-16BD-417E-814E-82484D49559A}.Debug|x86.ActiveCfg = Debug|Any CPU
		{37BFD8F6-16BD-417E-814E-82484D49559A}.Debug|x86.Build.0 = Debug|Any CPU
		{37BFD8F6-16BD-417E-814E-82484D49559A}.Internal|Any CPU.ActiveCfg = Internal|Any CPU
		{37BFD8F6-16BD-417E-814E-82484D49559A}.Internal|Any CPU.Build.0 = Internal|Any CPU
		{37BFD8F6-16BD-417E-814E-82484D49559A}.Internal|arm64.ActiveCfg = Internal|Any CPU
		{37BFD8F6-16BD-417E-814E-82484D49559A}.Internal|arm64.Build.0 = Internal|Any CPU
		{37BFD8F6-16BD-417E-814E-82484D49559A}.Internal|x86.ActiveCfg = Internal|Any CPU
		{37BFD8F6-16BD-417E-814E-82484D49559A}.Internal|x86.Build.0 = Internal|Any CPU
		{37BFD8F6-16BD-417E-814E-82484D49559A}.Release|Any CPU.ActiveCfg = Release|Any CPU
		{37BFD8F6-16BD-417E-814E-82484D49559A}.Release|Any CPU.Build.0 = Release|Any CPU
		{37BFD8F6-16BD-417E-814E-82484D49559A}.Release|arm64.ActiveCfg = Release|Any CPU
		{37BFD8F6-16BD-417E-814E-82484D49559A}.Release|arm64.Build.0 = Release|Any CPU
		{37BFD8F6-16BD-417E-814E-82484D49559A}.Release|x86.ActiveCfg = Release|Any CPU
		{37BFD8F6-16BD-417E-814E-82484D49559A}.Release|x86.Build.0 = Release|Any CPU
		{0ED8C5A0-5AB4-48A6-8D7E-E62263907DEA}.Debug|Any CPU.ActiveCfg = Debug|Any CPU
		{0ED8C5A0-5AB4-48A6-8D7E-E62263907DEA}.Debug|Any CPU.Build.0 = Debug|Any CPU
		{0ED8C5A0-5AB4-48A6-8D7E-E62263907DEA}.Debug|arm64.ActiveCfg = Debug|Any CPU
		{0ED8C5A0-5AB4-48A6-8D7E-E62263907DEA}.Debug|arm64.Build.0 = Debug|Any CPU
		{0ED8C5A0-5AB4-48A6-8D7E-E62263907DEA}.Debug|x86.ActiveCfg = Debug|Any CPU
		{0ED8C5A0-5AB4-48A6-8D7E-E62263907DEA}.Debug|x86.Build.0 = Debug|Any CPU
		{0ED8C5A0-5AB4-48A6-8D7E-E62263907DEA}.Internal|Any CPU.ActiveCfg = Debug|Any CPU
		{0ED8C5A0-5AB4-48A6-8D7E-E62263907DEA}.Internal|Any CPU.Build.0 = Debug|Any CPU
		{0ED8C5A0-5AB4-48A6-8D7E-E62263907DEA}.Internal|arm64.ActiveCfg = Debug|Any CPU
		{0ED8C5A0-5AB4-48A6-8D7E-E62263907DEA}.Internal|arm64.Build.0 = Debug|Any CPU
		{0ED8C5A0-5AB4-48A6-8D7E-E62263907DEA}.Internal|x86.ActiveCfg = Debug|Any CPU
		{0ED8C5A0-5AB4-48A6-8D7E-E62263907DEA}.Internal|x86.Build.0 = Debug|Any CPU
		{0ED8C5A0-5AB4-48A6-8D7E-E62263907DEA}.Release|Any CPU.ActiveCfg = Release|Any CPU
		{0ED8C5A0-5AB4-48A6-8D7E-E62263907DEA}.Release|Any CPU.Build.0 = Release|Any CPU
		{0ED8C5A0-5AB4-48A6-8D7E-E62263907DEA}.Release|arm64.ActiveCfg = Release|Any CPU
		{0ED8C5A0-5AB4-48A6-8D7E-E62263907DEA}.Release|arm64.Build.0 = Release|Any CPU
		{0ED8C5A0-5AB4-48A6-8D7E-E62263907DEA}.Release|x86.ActiveCfg = Release|Any CPU
		{0ED8C5A0-5AB4-48A6-8D7E-E62263907DEA}.Release|x86.Build.0 = Release|Any CPU
	EndGlobalSection
	GlobalSection(SolutionProperties) = preSolution
		HideSolutionNode = FALSE
	EndGlobalSection
	GlobalSection(NestedProjects) = preSolution
		{0AE985E9-79E0-4C4A-A6D0-8C5DBD06D024} = {BC764F44-9612-4DD4-BE1F-626D5FB27DCD}
		{8BB1FEF9-DD81-44D9-9889-35755A7B8116} = {4B7C8852-255F-4C6E-8D66-A1969F96930B}
		{B08B4500-65F4-4FE5-89B4-6F9DE1A6F16C} = {939CB2C1-8C32-4918-ACB0-342EBB6665F2}
		{6B8057FA-F8C4-496A-A399-092E4A7A8ED9} = {9860ED07-056F-42E3-BC14-1C7B10A34C78}
		{37970A5B-6BCC-4A69-ABCD-0A94CB7287D0} = {AECAAC48-3E93-41FE-AD17-A3BDD8F0CD50}
		{A3C16C6C-8AED-408D-80E3-B0A72130B768} = {AECAAC48-3E93-41FE-AD17-A3BDD8F0CD50}
		{AAE4D774-FAA6-4AF5-8B17-4557C3BD0AAE} = {FEADDC0C-7F9C-4264-9383-CE8CF6DE613F}
		{B8866D01-537E-4E5B-9682-97ECB6D0015B} = {3641DF17-FC96-480F-A09D-CB5225E2277C}
		{0C6A7B21-712E-4666-B314-ED942533589D} = {5C321E46-697C-4EDF-90CE-8957AE47BE47}
		{F6D6664C-1E05-4DAC-8F4D-4CB8214D77C9} = {D4704604-BB33-48E7-967C-5129D728E43C}
		{39F89DE8-368F-40F0-A37B-9F861E2079F3} = {D4704604-BB33-48E7-967C-5129D728E43C}
		{C81003C1-FAE9-4E70-8CB5-FE703A879D63} = {8D909615-C92E-4A12-93D0-D6A3D251005C}
		{16029F92-4664-4A20-AC23-42321ACC4F9D} = {8F1BF723-DD54-4C6A-80C6-5DC2218BAAE5}
		{3641DF17-FC96-480F-A09D-CB5225E2277C} = {33E8C576-3F9C-425A-8A73-2214DF8D7540}
		{D4D8AECD-29B8-4DF2-9954-A2D79B564871} = {3641DF17-FC96-480F-A09D-CB5225E2277C}
		{5C321E46-697C-4EDF-90CE-8957AE47BE47} = {33E8C576-3F9C-425A-8A73-2214DF8D7540}
		{AECAAC48-3E93-41FE-AD17-A3BDD8F0CD50} = {842B8187-A0BE-428F-A0B0-464C9D5D8D4F}
		{D4704604-BB33-48E7-967C-5129D728E43C} = {842B8187-A0BE-428F-A0B0-464C9D5D8D4F}
		{FEADDC0C-7F9C-4264-9383-CE8CF6DE613F} = {842B8187-A0BE-428F-A0B0-464C9D5D8D4F}
		{24F47342-916A-4B7C-8EFE-21E1A52B1760} = {9860ED07-056F-42E3-BC14-1C7B10A34C78}
		{9860ED07-056F-42E3-BC14-1C7B10A34C78} = {8CA0A722-291E-4E72-A2A2-712BC837522A}
		{8F1BF723-DD54-4C6A-80C6-5DC2218BAAE5} = {8CA0A722-291E-4E72-A2A2-712BC837522A}
		{454F8ED0-84A1-4C67-8941-28B2BEE1B60E} = {004FE647-26B9-4CA0-B093-5A024EA1E63A}
		{004FE647-26B9-4CA0-B093-5A024EA1E63A} = {8CA0A722-291E-4E72-A2A2-712BC837522A}
		{F98EAA1B-9D7C-400B-AF2C-7D93C928EB92} = {D430ABFE-E96B-4FC4-9B07-DB09A1BA0D6A}
		{2FFB3512-3F9C-45D6-9A7D-B023FDB6B87A} = {D430ABFE-E96B-4FC4-9B07-DB09A1BA0D6A}
		{F7E33577-D477-4C02-8443-B271E54C202B} = {78A68032-96A3-492A-AA45-9C8C566FB830}
		{53A7F6D7-DC3B-41F2-9306-45D39E7FCA73} = {D430ABFE-E96B-4FC4-9B07-DB09A1BA0D6A}
		{433848A3-002F-4D34-8947-913325825C1B} = {8D909615-C92E-4A12-93D0-D6A3D251005C}
		{0448661F-AFD4-4EDC-9E3F-B6B8E702EA63} = {8D909615-C92E-4A12-93D0-D6A3D251005C}
		{4AE1E275-9750-43E6-8C55-A62ECC19C34D} = {78A68032-96A3-492A-AA45-9C8C566FB830}
		{5C10AE35-C4E6-49F2-9678-6805C4402B4F} = {842B8187-A0BE-428F-A0B0-464C9D5D8D4F}
		{BC764F44-9612-4DD4-BE1F-626D5FB27DCD} = {33E8C576-3F9C-425A-8A73-2214DF8D7540}
		{78A68032-96A3-492A-AA45-9C8C566FB830} = {842B8187-A0BE-428F-A0B0-464C9D5D8D4F}
		{D430ABFE-E96B-4FC4-9B07-DB09A1BA0D6A} = {33E8C576-3F9C-425A-8A73-2214DF8D7540}
		{8D909615-C92E-4A12-93D0-D6A3D251005C} = {8CA0A722-291E-4E72-A2A2-712BC837522A}
		{939CB2C1-8C32-4918-ACB0-342EBB6665F2} = {D430ABFE-E96B-4FC4-9B07-DB09A1BA0D6A}
		{4B7C8852-255F-4C6E-8D66-A1969F96930B} = {78A68032-96A3-492A-AA45-9C8C566FB830}
		{943363FE-A377-4756-B004-E7EA508F2C8A} = {314EB7FC-C73A-4186-A806-228E89B2F73C}
		{C63BCA5C-5798-43B8-A1C6-6228003B5DC2} = {78A68032-96A3-492A-AA45-9C8C566FB830}
		{E8BF5DB8-64AB-4135-986A-F30E959710A1} = {78A68032-96A3-492A-AA45-9C8C566FB830}
		{CD0D0860-1BCF-4299-BC61-8D496DB87AE7} = {78A68032-96A3-492A-AA45-9C8C566FB830}
		{D31FB8C9-8625-4EBF-B9B9-E1ADB215A775} = {5C10AE35-C4E6-49F2-9678-6805C4402B4F}
		{7AFB3F5B-3DBF-4735-BA24-0B1439038E8F} = {FEADDC0C-7F9C-4264-9383-CE8CF6DE613F}
		{769A9651-819F-46E2-BA86-8F4CE897717D} = {FEADDC0C-7F9C-4264-9383-CE8CF6DE613F}
		{0D2E4947-8422-432B-BCA8-7CBF38C6858A} = {5C10AE35-C4E6-49F2-9678-6805C4402B4F}
		{C03CBD66-F4AA-48E2-A861-6ECDEA27C1E8} = {FEADDC0C-7F9C-4264-9383-CE8CF6DE613F}
		{4BC18002-18FC-4AD7-BFE0-78E8A4B58919} = {78A68032-96A3-492A-AA45-9C8C566FB830}
		{732814E0-7923-46E3-82E6-F02D050E9850} = {78A68032-96A3-492A-AA45-9C8C566FB830}
		{33DA3629-69A2-4692-87A3-EC2F0CB5A07F} = {E80FB81A-89E9-4DAD-BDAF-381B0808045B}
		{51D8C04F-D642-4298-ACB5-77C3C3ABB727} = {E80FB81A-89E9-4DAD-BDAF-381B0808045B}
		{842B8187-A0BE-428F-A0B0-464C9D5D8D4F} = {E80FB81A-89E9-4DAD-BDAF-381B0808045B}
		{E731D4E5-DC25-4883-AA4C-F386A18F1CF9} = {51D8C04F-D642-4298-ACB5-77C3C3ABB727}
		{D4DAD7BD-45EF-4E87-905D-A35677911DE2} = {51D8C04F-D642-4298-ACB5-77C3C3ABB727}
		{EDC55868-0A07-4DDE-8398-B32A05C02B8E} = {33DA3629-69A2-4692-87A3-EC2F0CB5A07F}
		{71BCE0D4-7A5B-4447-9A9E-3BBE8D7A0AF4} = {33DA3629-69A2-4692-87A3-EC2F0CB5A07F}
		{9672B585-FFD7-4A88-9438-B6B83E144233} = {33DA3629-69A2-4692-87A3-EC2F0CB5A07F}
		{C29587AB-2341-43BF-B27F-C5A5DCED3C81} = {9672B585-FFD7-4A88-9438-B6B83E144233}
		{4C1D93AC-BFEA-4E7F-851C-8ACB7651F101} = {EDC55868-0A07-4DDE-8398-B32A05C02B8E}
		{4A56E996-0B62-4687-83A2-E45DC288CBE7} = {EDC55868-0A07-4DDE-8398-B32A05C02B8E}
		{D8537E99-206E-40C9-BD7F-8F9D34CB5686} = {71BCE0D4-7A5B-4447-9A9E-3BBE8D7A0AF4}
		{11F65F65-A17B-484F-A888-E9759D3333D5} = {71BCE0D4-7A5B-4447-9A9E-3BBE8D7A0AF4}
		{C0616BCE-84F8-493D-B966-0E76907F7A96} = {D4DAD7BD-45EF-4E87-905D-A35677911DE2}
		{1B678B26-1B6C-40E1-BB82-F2A60A7FC320} = {D4DAD7BD-45EF-4E87-905D-A35677911DE2}
		{3F891611-CEF4-4A1B-AB78-6B5DBEF8A774} = {E731D4E5-DC25-4883-AA4C-F386A18F1CF9}
		{8256C589-55B9-40BF-8056-B7B7CD8E733F} = {51D8C04F-D642-4298-ACB5-77C3C3ABB727}
		{468A4E7A-1EA6-4C7C-BB0F-D5B120BE30F4} = {8256C589-55B9-40BF-8056-B7B7CD8E733F}
		{0D92F018-E751-4C5A-86FE-2F9679AA6D17} = {8256C589-55B9-40BF-8056-B7B7CD8E733F}
		{7097B0A7-94BF-40AD-A3DA-9FFCBB162CD6} = {8D909615-C92E-4A12-93D0-D6A3D251005C}
		{37BFD8F6-16BD-417E-814E-82484D49559A} = {8F1BF723-DD54-4C6A-80C6-5DC2218BAAE5}
		{0ED8C5A0-5AB4-48A6-8D7E-E62263907DEA} = {8D909615-C92E-4A12-93D0-D6A3D251005C}
	EndGlobalSection
	GlobalSection(ExtensibilityGlobals) = postSolution
		SolutionGuid = {64DEF29A-9359-4DEC-A88B-3366CA1984D7}
	EndGlobalSection
	GlobalSection(SharedMSBuildProjectFiles) = preSolution
		Design\Client\Twizzar.VsAddin\Twizzar.VsAddin.projitems*{0d2e4947-8422-432b-bca8-7cbf38c6858a}*SharedItemsImports = 4
		Design\Analyzer\App\Twizzar.Analyzer.App\Twizzar.Analyzer.App.projitems*{0d92f018-e751-4c5a-86fe-2f9679aa6d17}*SharedItemsImports = 5
		Design\Shared\Infrastructure\Twizzar.Design.Shared.Infrastructure.Shared\Twizzar.Design.Shared.Infrastructure.Shared.projitems*{11f65f65-a17b-484f-a888-e9759d3333d5}*SharedItemsImports = 5
		Design\Analyzer\Tests\Twizzar.Analyzer.App.Tests\Twizzar.Analyzer.App.Tests.projitems*{1b678b26-1b6c-40e1-bb82-f2a60a7fc320}*SharedItemsImports = 5
		Design\Analyzer\App\Twizzar.Analyzer.App\Twizzar.Analyzer.App.projitems*{468a4e7a-1ea6-4c7c-bb0f-d5b120be30f4}*SharedItemsImports = 13
		Design\Tests\Twizzar.Design.Infrastructure.VisualStudio.Tests.Shared\Twizzar.Design.Infrastructure.VisualStudio.Tests.Shared.projitems*{4bc18002-18fc-4ad7-bfe0-78e8a4b58919}*SharedItemsImports = 13
		Design\Tests\Twizzar.Design.Infrastructure.VisualStudio.Tests.Shared\Twizzar.Design.Infrastructure.VisualStudio.Tests.Shared.projitems*{732814e0-7923-46e3-82e6-f02d050e9850}*SharedItemsImports = 5
		Design\Infrastructure\Twizzar.Design.Infrastructure.VisualStudio\Twizzar.Design.Infrastructure.VisualStudio.projitems*{7afb3f5b-3dbf-4735-ba24-0b1439038e8f}*SharedItemsImports = 13
		Design\Infrastructure\Twizzar.Design.Infrastructure.VisualStudio\Twizzar.Design.Infrastructure.VisualStudio.projitems*{c03cbd66-f4aa-48e2-a861-6ecdea27c1e8}*SharedItemsImports = 5
		Design\Analyzer\Tests\Twizzar.Analyzer.App.Tests\Twizzar.Analyzer.App.Tests.projitems*{c0616bce-84f8-493d-b966-0e76907f7a96}*SharedItemsImports = 13
		Design\Client\Twizzar.VsAddin\Twizzar.VsAddin.projitems*{d31fb8c9-8625-4ebf-b9b9-e1adb215a775}*SharedItemsImports = 13
		Design\Shared\Infrastructure\Twizzar.Design.Shared.Infrastructure.Shared\Twizzar.Design.Shared.Infrastructure.Shared.projitems*{d8537e99-206e-40c9-bd7f-8f9d34cb5686}*SharedItemsImports = 13
	EndGlobalSection
EndGlobal
